// !$*UTF8*$!
{
	archiveVersion = 1;
	classes = {
	};
	objectVersion = 51;
	objects = {

/* Begin PBXBuildFile section */
		044E7F20283DE7E80078CA50 /* UserAuthentication.storyboard in Resources */ = {isa = PBXBuildFile; fileRef = 044E7F1F283DE7E80078CA50 /* UserAuthentication.storyboard */; };
		048B3F42283CD23A00CEF8D0 /* AppDelegate.swift in Sources */ = {isa = PBXBuildFile; fileRef = 048B3F41283CD23A00CEF8D0 /* AppDelegate.swift */; };
		048B3F44283CD23A00CEF8D0 /* SceneDelegate.swift in Sources */ = {isa = PBXBuildFile; fileRef = 048B3F43283CD23A00CEF8D0 /* SceneDelegate.swift */; };
		048B3F46283CD23A00CEF8D0 /* LoginViewController.swift in Sources */ = {isa = PBXBuildFile; fileRef = 048B3F45283CD23A00CEF8D0 /* LoginViewController.swift */; };
		048B3F49283CD23A00CEF8D0 /* Main.storyboard in Resources */ = {isa = PBXBuildFile; fileRef = 048B3F47283CD23A00CEF8D0 /* Main.storyboard */; };
		048B3F4C283CD23A00CEF8D0 /* InStore.xcdatamodeld in Sources */ = {isa = PBXBuildFile; fileRef = 048B3F4A283CD23A00CEF8D0 /* InStore.xcdatamodeld */; };
		048B3F4E283CD23C00CEF8D0 /* Assets.xcassets in Resources */ = {isa = PBXBuildFile; fileRef = 048B3F4D283CD23C00CEF8D0 /* Assets.xcassets */; };
		048B3F51283CD23C00CEF8D0 /* LaunchScreen.storyboard in Resources */ = {isa = PBXBuildFile; fileRef = 048B3F4F283CD23C00CEF8D0 /* LaunchScreen.storyboard */; };
		048B3F5C283CD23C00CEF8D0 /* InStoreTests.swift in Sources */ = {isa = PBXBuildFile; fileRef = 048B3F5B283CD23C00CEF8D0 /* InStoreTests.swift */; };
		49321410990E3EE85250171A /* Pods_InStoreTests.framework in Frameworks */ = {isa = PBXBuildFile; fileRef = 1AF50FCA7EA54DD3BC1A65EF /* Pods_InStoreTests.framework */; };
		595988362841556A00ACB869 /* MockOrder.swift in Sources */ = {isa = PBXBuildFile; fileRef = 595988352841556A00ACB869 /* MockOrder.swift */; };
		596F4FC2283FA43B008CA0E9 /* UITextField+Extention.swift in Sources */ = {isa = PBXBuildFile; fileRef = 596F4FC1283FA43B008CA0E9 /* UITextField+Extention.swift */; };
		596F4FC5283FB872008CA0E9 /* HomeScreenViewController.swift in Sources */ = {isa = PBXBuildFile; fileRef = 596F4FC4283FB872008CA0E9 /* HomeScreenViewController.swift */; };
		596F4FC9283FBAD2008CA0E9 /* BrandsCollectionViewCell.swift in Sources */ = {isa = PBXBuildFile; fileRef = 596F4FC7283FBAD2008CA0E9 /* BrandsCollectionViewCell.swift */; };
		596F4FCA283FBAD2008CA0E9 /* BrandsCollectionViewCell.xib in Resources */ = {isa = PBXBuildFile; fileRef = 596F4FC8283FBAD2008CA0E9 /* BrandsCollectionViewCell.xib */; };
		596F4FCC283FBF94008CA0E9 /* Brand.swift in Sources */ = {isa = PBXBuildFile; fileRef = 596F4FCB283FBF94008CA0E9 /* Brand.swift */; };
		596F4FEF2840DDE0008CA0E9 /* MyAccountScreen.storyboard in Resources */ = {isa = PBXBuildFile; fileRef = 596F4FEE2840DDE0008CA0E9 /* MyAccountScreen.storyboard */; };
		596F4FF72840DEFE008CA0E9 /* OrderDetailsTableViewCell.swift in Sources */ = {isa = PBXBuildFile; fileRef = 596F4FF52840DEFE008CA0E9 /* OrderDetailsTableViewCell.swift */; };
		596F4FF82840DEFE008CA0E9 /* OrderDetailsTableViewCell.xib in Resources */ = {isa = PBXBuildFile; fileRef = 596F4FF62840DEFE008CA0E9 /* OrderDetailsTableViewCell.xib */; };
		596F4FFD2840DFAD008CA0E9 /* MyAccountViewController.swift in Sources */ = {isa = PBXBuildFile; fileRef = 596F4FFC2840DFAC008CA0E9 /* MyAccountViewController.swift */; };
		596F4FFF2840DFC2008CA0E9 /* MyOrdersViewController.swift in Sources */ = {isa = PBXBuildFile; fileRef = 596F4FFE2840DFC2008CA0E9 /* MyOrdersViewController.swift */; };
		596F50012840DFD4008CA0E9 /* MyAddressesViewController.swift in Sources */ = {isa = PBXBuildFile; fileRef = 596F50002840DFD4008CA0E9 /* MyAddressesViewController.swift */; };
		596F50032840DFEC008CA0E9 /* OrderDetailsViewController.swift in Sources */ = {isa = PBXBuildFile; fileRef = 596F50022840DFEC008CA0E9 /* OrderDetailsViewController.swift */; };
		596F500A2840E04D008CA0E9 /* MyOrderTableViewCell.swift in Sources */ = {isa = PBXBuildFile; fileRef = 596F50082840E04D008CA0E9 /* MyOrderTableViewCell.swift */; };
		596F500B2840E04D008CA0E9 /* MyOrderTableViewCell.xib in Resources */ = {isa = PBXBuildFile; fileRef = 596F50092840E04D008CA0E9 /* MyOrderTableViewCell.xib */; };
		596F500E2840E064008CA0E9 /* MyAddressTableViewCell.swift in Sources */ = {isa = PBXBuildFile; fileRef = 596F500C2840E064008CA0E9 /* MyAddressTableViewCell.swift */; };
		596F500F2840E064008CA0E9 /* MyAddressTableViewCell.xib in Resources */ = {isa = PBXBuildFile; fileRef = 596F500D2840E064008CA0E9 /* MyAddressTableViewCell.xib */; };
		59F20646283E6ACA00E12D88 /* SplashScreen.storyboard in Resources */ = {isa = PBXBuildFile; fileRef = 59F20645283E6ACA00E12D88 /* SplashScreen.storyboard */; };
		59F2064B283E6C3C00E12D88 /* HomeScreen.storyboard in Resources */ = {isa = PBXBuildFile; fileRef = 59F2064A283E6C3C00E12D88 /* HomeScreen.storyboard */; };
		59F2064E283E6CD000E12D88 /* SplashScreenViewController.swift in Sources */ = {isa = PBXBuildFile; fileRef = 59F2064D283E6CD000E12D88 /* SplashScreenViewController.swift */; };
		59F20650283E6EA700E12D88 /* OnBoardingViewController.swift in Sources */ = {isa = PBXBuildFile; fileRef = 59F2064F283E6EA700E12D88 /* OnBoardingViewController.swift */; };
		59F20652283E6EEA00E12D88 /* GetStartedViewController.swift in Sources */ = {isa = PBXBuildFile; fileRef = 59F20651283E6EEA00E12D88 /* GetStartedViewController.swift */; };
		59F20657283E73BB00E12D88 /* UIView+Extention.swift in Sources */ = {isa = PBXBuildFile; fileRef = 59F20656283E73BB00E12D88 /* UIView+Extention.swift */; };
		59F20659283E798E00E12D88 /* OnboardingSlide.swift in Sources */ = {isa = PBXBuildFile; fileRef = 59F20658283E798E00E12D88 /* OnboardingSlide.swift */; };
		59F2065F283E7C6600E12D88 /* OnBoardingCollectionViewCell.swift in Sources */ = {isa = PBXBuildFile; fileRef = 59F2065D283E7C6600E12D88 /* OnBoardingCollectionViewCell.swift */; };
		59F20660283E7C6600E12D88 /* OnBoardingCollectionViewCell.xib in Resources */ = {isa = PBXBuildFile; fileRef = 59F2065E283E7C6600E12D88 /* OnBoardingCollectionViewCell.xib */; };
		944397F4C9AD8E18D82E8C5B /* Pods_InStore.framework in Frameworks */ = {isa = PBXBuildFile; fileRef = 7315BC62548B15AA6BEE7447 /* Pods_InStore.framework */; };
		B656DFC4283EF10D0043FCF7 /* ConfirmOrderViewController.swift in Sources */ = {isa = PBXBuildFile; fileRef = B656DFC3283EF10D0043FCF7 /* ConfirmOrderViewController.swift */; };
		B656DFC6283EF1290043FCF7 /* CardViewController.swift in Sources */ = {isa = PBXBuildFile; fileRef = B656DFC5283EF1290043FCF7 /* CardViewController.swift */; };
		B656DFC8283EF1600043FCF7 /* CardTableViewCell.swift in Sources */ = {isa = PBXBuildFile; fileRef = B656DFC7283EF1600043FCF7 /* CardTableViewCell.swift */; };
		B656DFCC283EF1C20043FCF7 /* Card.storyboard in Resources */ = {isa = PBXBuildFile; fileRef = B656DFCB283EF1C20043FCF7 /* Card.storyboard */; };
		B656DFD0283EF3C60043FCF7 /* confirm_order_anim.json in Resources */ = {isa = PBXBuildFile; fileRef = B656DFCF283EF3C50043FCF7 /* confirm_order_anim.json */; };
/* End PBXBuildFile section */

/* Begin PBXContainerItemProxy section */
		048B3F58283CD23C00CEF8D0 /* PBXContainerItemProxy */ = {
			isa = PBXContainerItemProxy;
			containerPortal = 048B3F36283CD23A00CEF8D0 /* Project object */;
			proxyType = 1;
			remoteGlobalIDString = 048B3F3D283CD23A00CEF8D0;
			remoteInfo = InStore;
		};
/* End PBXContainerItemProxy section */

/* Begin PBXFileReference section */
		044E7F1F283DE7E80078CA50 /* UserAuthentication.storyboard */ = {isa = PBXFileReference; lastKnownFileType = file.storyboard; path = UserAuthentication.storyboard; sourceTree = "<group>"; };
		048B3F3E283CD23A00CEF8D0 /* InStore.app */ = {isa = PBXFileReference; explicitFileType = wrapper.application; includeInIndex = 0; path = InStore.app; sourceTree = BUILT_PRODUCTS_DIR; };
		048B3F41283CD23A00CEF8D0 /* AppDelegate.swift */ = {isa = PBXFileReference; lastKnownFileType = sourcecode.swift; path = AppDelegate.swift; sourceTree = "<group>"; };
		048B3F43283CD23A00CEF8D0 /* SceneDelegate.swift */ = {isa = PBXFileReference; lastKnownFileType = sourcecode.swift; path = SceneDelegate.swift; sourceTree = "<group>"; };
		048B3F45283CD23A00CEF8D0 /* LoginViewController.swift */ = {isa = PBXFileReference; lastKnownFileType = sourcecode.swift; name = LoginViewController.swift; path = InStore/View/UserAuthentication/Login/LoginViewController.swift; sourceTree = SOURCE_ROOT; };
		048B3F48283CD23A00CEF8D0 /* Base */ = {isa = PBXFileReference; lastKnownFileType = file.storyboard; name = Base; path = Base.lproj/Main.storyboard; sourceTree = "<group>"; };
		048B3F4B283CD23A00CEF8D0 /* InStore.xcdatamodel */ = {isa = PBXFileReference; lastKnownFileType = wrapper.xcdatamodel; path = InStore.xcdatamodel; sourceTree = "<group>"; };
		048B3F4D283CD23C00CEF8D0 /* Assets.xcassets */ = {isa = PBXFileReference; lastKnownFileType = folder.assetcatalog; path = Assets.xcassets; sourceTree = "<group>"; };
		048B3F50283CD23C00CEF8D0 /* Base */ = {isa = PBXFileReference; lastKnownFileType = file.storyboard; name = Base; path = Base.lproj/LaunchScreen.storyboard; sourceTree = "<group>"; };
		048B3F52283CD23C00CEF8D0 /* Info.plist */ = {isa = PBXFileReference; lastKnownFileType = text.plist.xml; path = Info.plist; sourceTree = "<group>"; };
		048B3F57283CD23C00CEF8D0 /* InStoreTests.xctest */ = {isa = PBXFileReference; explicitFileType = wrapper.cfbundle; includeInIndex = 0; path = InStoreTests.xctest; sourceTree = BUILT_PRODUCTS_DIR; };
		048B3F5B283CD23C00CEF8D0 /* InStoreTests.swift */ = {isa = PBXFileReference; lastKnownFileType = sourcecode.swift; path = InStoreTests.swift; sourceTree = "<group>"; };
		048B3F5D283CD23C00CEF8D0 /* Info.plist */ = {isa = PBXFileReference; lastKnownFileType = text.plist.xml; path = Info.plist; sourceTree = "<group>"; };
		06BDC523D28EB8445EA58A1F /* Pods-InStore.debug.xcconfig */ = {isa = PBXFileReference; includeInIndex = 1; lastKnownFileType = text.xcconfig; name = "Pods-InStore.debug.xcconfig"; path = "Target Support Files/Pods-InStore/Pods-InStore.debug.xcconfig"; sourceTree = "<group>"; };
		1AF50FCA7EA54DD3BC1A65EF /* Pods_InStoreTests.framework */ = {isa = PBXFileReference; explicitFileType = wrapper.framework; includeInIndex = 0; path = Pods_InStoreTests.framework; sourceTree = BUILT_PRODUCTS_DIR; };
		1D5AE28203605372D3A4460C /* Pods-InStoreTests.release.xcconfig */ = {isa = PBXFileReference; includeInIndex = 1; lastKnownFileType = text.xcconfig; name = "Pods-InStoreTests.release.xcconfig"; path = "Target Support Files/Pods-InStoreTests/Pods-InStoreTests.release.xcconfig"; sourceTree = "<group>"; };
		595988352841556A00ACB869 /* MockOrder.swift */ = {isa = PBXFileReference; lastKnownFileType = sourcecode.swift; name = MockOrder.swift; path = InStore/MockOrder.swift; sourceTree = SOURCE_ROOT; };
		596F4FC1283FA43B008CA0E9 /* UITextField+Extention.swift */ = {isa = PBXFileReference; lastKnownFileType = sourcecode.swift; path = "UITextField+Extention.swift"; sourceTree = "<group>"; };
		596F4FC4283FB872008CA0E9 /* HomeScreenViewController.swift */ = {isa = PBXFileReference; lastKnownFileType = sourcecode.swift; path = HomeScreenViewController.swift; sourceTree = "<group>"; };
		596F4FC7283FBAD2008CA0E9 /* BrandsCollectionViewCell.swift */ = {isa = PBXFileReference; lastKnownFileType = sourcecode.swift; path = BrandsCollectionViewCell.swift; sourceTree = "<group>"; };
		596F4FC8283FBAD2008CA0E9 /* BrandsCollectionViewCell.xib */ = {isa = PBXFileReference; lastKnownFileType = file.xib; path = BrandsCollectionViewCell.xib; sourceTree = "<group>"; };
		596F4FCB283FBF94008CA0E9 /* Brand.swift */ = {isa = PBXFileReference; lastKnownFileType = sourcecode.swift; name = Brand.swift; path = InStore/View/HomeScreen/Xibs/Brand.swift; sourceTree = SOURCE_ROOT; };
		596F4FEE2840DDE0008CA0E9 /* MyAccountScreen.storyboard */ = {isa = PBXFileReference; lastKnownFileType = file.storyboard; path = MyAccountScreen.storyboard; sourceTree = "<group>"; };
		596F4FF52840DEFE008CA0E9 /* OrderDetailsTableViewCell.swift */ = {isa = PBXFileReference; lastKnownFileType = sourcecode.swift; path = OrderDetailsTableViewCell.swift; sourceTree = "<group>"; };
		596F4FF62840DEFE008CA0E9 /* OrderDetailsTableViewCell.xib */ = {isa = PBXFileReference; lastKnownFileType = file.xib; path = OrderDetailsTableViewCell.xib; sourceTree = "<group>"; };
		596F4FFC2840DFAC008CA0E9 /* MyAccountViewController.swift */ = {isa = PBXFileReference; lastKnownFileType = sourcecode.swift; path = MyAccountViewController.swift; sourceTree = "<group>"; };
		596F4FFE2840DFC2008CA0E9 /* MyOrdersViewController.swift */ = {isa = PBXFileReference; lastKnownFileType = sourcecode.swift; path = MyOrdersViewController.swift; sourceTree = "<group>"; };
		596F50002840DFD4008CA0E9 /* MyAddressesViewController.swift */ = {isa = PBXFileReference; lastKnownFileType = sourcecode.swift; path = MyAddressesViewController.swift; sourceTree = "<group>"; };
		596F50022840DFEC008CA0E9 /* OrderDetailsViewController.swift */ = {isa = PBXFileReference; lastKnownFileType = sourcecode.swift; path = OrderDetailsViewController.swift; sourceTree = "<group>"; };
		596F50082840E04D008CA0E9 /* MyOrderTableViewCell.swift */ = {isa = PBXFileReference; lastKnownFileType = sourcecode.swift; path = MyOrderTableViewCell.swift; sourceTree = "<group>"; };
		596F50092840E04D008CA0E9 /* MyOrderTableViewCell.xib */ = {isa = PBXFileReference; lastKnownFileType = file.xib; path = MyOrderTableViewCell.xib; sourceTree = "<group>"; };
		596F500C2840E064008CA0E9 /* MyAddressTableViewCell.swift */ = {isa = PBXFileReference; lastKnownFileType = sourcecode.swift; path = MyAddressTableViewCell.swift; sourceTree = "<group>"; };
		596F500D2840E064008CA0E9 /* MyAddressTableViewCell.xib */ = {isa = PBXFileReference; lastKnownFileType = file.xib; path = MyAddressTableViewCell.xib; sourceTree = "<group>"; };
		59F20645283E6ACA00E12D88 /* SplashScreen.storyboard */ = {isa = PBXFileReference; lastKnownFileType = file.storyboard; path = SplashScreen.storyboard; sourceTree = "<group>"; };
		59F2064A283E6C3C00E12D88 /* HomeScreen.storyboard */ = {isa = PBXFileReference; lastKnownFileType = file.storyboard; path = HomeScreen.storyboard; sourceTree = "<group>"; };
		59F2064D283E6CD000E12D88 /* SplashScreenViewController.swift */ = {isa = PBXFileReference; lastKnownFileType = sourcecode.swift; path = SplashScreenViewController.swift; sourceTree = "<group>"; };
		59F2064F283E6EA700E12D88 /* OnBoardingViewController.swift */ = {isa = PBXFileReference; lastKnownFileType = sourcecode.swift; path = OnBoardingViewController.swift; sourceTree = "<group>"; };
		59F20651283E6EEA00E12D88 /* GetStartedViewController.swift */ = {isa = PBXFileReference; lastKnownFileType = sourcecode.swift; path = GetStartedViewController.swift; sourceTree = "<group>"; };
		59F20656283E73BB00E12D88 /* UIView+Extention.swift */ = {isa = PBXFileReference; lastKnownFileType = sourcecode.swift; path = "UIView+Extention.swift"; sourceTree = "<group>"; };
		59F20658283E798E00E12D88 /* OnboardingSlide.swift */ = {isa = PBXFileReference; lastKnownFileType = sourcecode.swift; name = OnboardingSlide.swift; path = InStore/Utilities/Extentions/OnboardingSlide.swift; sourceTree = SOURCE_ROOT; };
		59F2065D283E7C6600E12D88 /* OnBoardingCollectionViewCell.swift */ = {isa = PBXFileReference; lastKnownFileType = sourcecode.swift; path = OnBoardingCollectionViewCell.swift; sourceTree = "<group>"; };
		59F2065E283E7C6600E12D88 /* OnBoardingCollectionViewCell.xib */ = {isa = PBXFileReference; lastKnownFileType = file.xib; path = OnBoardingCollectionViewCell.xib; sourceTree = "<group>"; };
		695AE2BF82C757218FF03BA1 /* Pods-InStoreTests.debug.xcconfig */ = {isa = PBXFileReference; includeInIndex = 1; lastKnownFileType = text.xcconfig; name = "Pods-InStoreTests.debug.xcconfig"; path = "Target Support Files/Pods-InStoreTests/Pods-InStoreTests.debug.xcconfig"; sourceTree = "<group>"; };
		7315BC62548B15AA6BEE7447 /* Pods_InStore.framework */ = {isa = PBXFileReference; explicitFileType = wrapper.framework; includeInIndex = 0; path = Pods_InStore.framework; sourceTree = BUILT_PRODUCTS_DIR; };
		B656DFC3283EF10D0043FCF7 /* ConfirmOrderViewController.swift */ = {isa = PBXFileReference; lastKnownFileType = sourcecode.swift; path = ConfirmOrderViewController.swift; sourceTree = "<group>"; };
		B656DFC5283EF1290043FCF7 /* CardViewController.swift */ = {isa = PBXFileReference; lastKnownFileType = sourcecode.swift; path = CardViewController.swift; sourceTree = "<group>"; };
		B656DFC7283EF1600043FCF7 /* CardTableViewCell.swift */ = {isa = PBXFileReference; lastKnownFileType = sourcecode.swift; path = CardTableViewCell.swift; sourceTree = "<group>"; };
		B656DFCB283EF1C20043FCF7 /* Card.storyboard */ = {isa = PBXFileReference; lastKnownFileType = file.storyboard; path = Card.storyboard; sourceTree = "<group>"; };
		B656DFCF283EF3C50043FCF7 /* confirm_order_anim.json */ = {isa = PBXFileReference; fileEncoding = 4; lastKnownFileType = text.json; path = confirm_order_anim.json; sourceTree = "<group>"; };
		FB4234B27298C048DF342585 /* Pods-InStore.release.xcconfig */ = {isa = PBXFileReference; includeInIndex = 1; lastKnownFileType = text.xcconfig; name = "Pods-InStore.release.xcconfig"; path = "Target Support Files/Pods-InStore/Pods-InStore.release.xcconfig"; sourceTree = "<group>"; };
/* End PBXFileReference section */

/* Begin PBXFrameworksBuildPhase section */
		048B3F3B283CD23A00CEF8D0 /* Frameworks */ = {
			isa = PBXFrameworksBuildPhase;
			buildActionMask = 2147483647;
			files = (
				944397F4C9AD8E18D82E8C5B /* Pods_InStore.framework in Frameworks */,
			);
			runOnlyForDeploymentPostprocessing = 0;
		};
		048B3F54283CD23C00CEF8D0 /* Frameworks */ = {
			isa = PBXFrameworksBuildPhase;
			buildActionMask = 2147483647;
			files = (
				49321410990E3EE85250171A /* Pods_InStoreTests.framework in Frameworks */,
			);
			runOnlyForDeploymentPostprocessing = 0;
		};
/* End PBXFrameworksBuildPhase section */

/* Begin PBXGroup section */
		044E7F18283DE5F60078CA50 /* UserAuthentication */ = {
			isa = PBXGroup;
			children = (
				044E7F1F283DE7E80078CA50 /* UserAuthentication.storyboard */,
				044E7F1C283DE6540078CA50 /* Register */,
				044E7F1B283DE64A0078CA50 /* Login */,
			);
			path = UserAuthentication;
			sourceTree = "<group>";
		};
		044E7F1B283DE64A0078CA50 /* Login */ = {
			isa = PBXGroup;
			children = (
				048B3F45283CD23A00CEF8D0 /* LoginViewController.swift */,
			);
			path = Login;
			sourceTree = "<group>";
		};
		044E7F1C283DE6540078CA50 /* Register */ = {
			isa = PBXGroup;
			children = (
			);
			path = Register;
			sourceTree = "<group>";
		};
		048B3F35283CD23A00CEF8D0 = {
			isa = PBXGroup;
			children = (
				048B3F40283CD23A00CEF8D0 /* InStore */,
				048B3F5A283CD23C00CEF8D0 /* InStoreTests */,
				048B3F3F283CD23A00CEF8D0 /* Products */,
				4739C1BC3FDA56E3B9AAB9D6 /* Pods */,
				20679023F968D1D6DC36F69E /* Frameworks */,
			);
			sourceTree = "<group>";
		};
		048B3F3F283CD23A00CEF8D0 /* Products */ = {
			isa = PBXGroup;
			children = (
				048B3F3E283CD23A00CEF8D0 /* InStore.app */,
				048B3F57283CD23C00CEF8D0 /* InStoreTests.xctest */,
			);
			name = Products;
			sourceTree = "<group>";
		};
		048B3F40283CD23A00CEF8D0 /* InStore */ = {
			isa = PBXGroup;
			children = (
				048B3F6B283CD77900CEF8D0 /* Data */,
				048B3F66283CD28100CEF8D0 /* View */,
				048B3F67283CD28900CEF8D0 /* ViewModel */,
				048B3F6F283CD88600CEF8D0 /* Utilities */,
				048B3F41283CD23A00CEF8D0 /* AppDelegate.swift */,
				048B3F43283CD23A00CEF8D0 /* SceneDelegate.swift */,
				048B3F47283CD23A00CEF8D0 /* Main.storyboard */,
				048B3F4D283CD23C00CEF8D0 /* Assets.xcassets */,
				048B3F4F283CD23C00CEF8D0 /* LaunchScreen.storyboard */,
				048B3F52283CD23C00CEF8D0 /* Info.plist */,
				048B3F4A283CD23A00CEF8D0 /* InStore.xcdatamodeld */,
			);
			path = InStore;
			sourceTree = "<group>";
		};
		048B3F5A283CD23C00CEF8D0 /* InStoreTests */ = {
			isa = PBXGroup;
			children = (
				048B3F5B283CD23C00CEF8D0 /* InStoreTests.swift */,
				048B3F5D283CD23C00CEF8D0 /* Info.plist */,
			);
			path = InStoreTests;
			sourceTree = "<group>";
		};
		048B3F66283CD28100CEF8D0 /* View */ = {
			isa = PBXGroup;
			children = (
				596F4FED2840DDB9008CA0E9 /* MyAccountScreen */,
				B656DFC2283EF0E30043FCF7 /* ConfirmOrder */,
				B656DFC1283EF0CA0043FCF7 /* Cart */,
				59F20649283E6C2500E12D88 /* HomeScreen */,
				59F20644283E6A9D00E12D88 /* SplashScreen */,
				044E7F18283DE5F60078CA50 /* UserAuthentication */,
			);
			path = View;
			sourceTree = "<group>";
		};
		048B3F67283CD28900CEF8D0 /* ViewModel */ = {
			isa = PBXGroup;
			children = (
			);
			path = ViewModel;
			sourceTree = "<group>";
		};
		048B3F68283CD29400CEF8D0 /* Model */ = {
			isa = PBXGroup;
			children = (
				59F20658283E798E00E12D88 /* OnboardingSlide.swift */,
				596F4FCB283FBF94008CA0E9 /* Brand.swift */,
				595988352841556A00ACB869 /* MockOrder.swift */,
			);
			path = Model;
			sourceTree = "<group>";
		};
		048B3F6B283CD77900CEF8D0 /* Data */ = {
			isa = PBXGroup;
			children = (
				048B3F6E283CD80900CEF8D0 /* Repository  */,
				048B3F6D283CD7CE00CEF8D0 /* DB */,
				048B3F6C283CD79D00CEF8D0 /* Service */,
				048B3F68283CD29400CEF8D0 /* Model */,
			);
			path = Data;
			sourceTree = "<group>";
		};
		048B3F6C283CD79D00CEF8D0 /* Service */ = {
			isa = PBXGroup;
			children = (
			);
			path = Service;
			sourceTree = "<group>";
		};
		048B3F6D283CD7CE00CEF8D0 /* DB */ = {
			isa = PBXGroup;
			children = (
			);
			path = DB;
			sourceTree = "<group>";
		};
		048B3F6E283CD80900CEF8D0 /* Repository  */ = {
			isa = PBXGroup;
			children = (
			);
			path = "Repository ";
			sourceTree = "<group>";
		};
		048B3F6F283CD88600CEF8D0 /* Utilities */ = {
			isa = PBXGroup;
			children = (
				B656DFCE283EF38B0043FCF7 /* Animation */,
				59F20655283E735D00E12D88 /* Extentions */,
			);
			path = Utilities;
			sourceTree = "<group>";
		};
		20679023F968D1D6DC36F69E /* Frameworks */ = {
			isa = PBXGroup;
			children = (
				7315BC62548B15AA6BEE7447 /* Pods_InStore.framework */,
				1AF50FCA7EA54DD3BC1A65EF /* Pods_InStoreTests.framework */,
			);
			name = Frameworks;
			sourceTree = "<group>";
		};
		4739C1BC3FDA56E3B9AAB9D6 /* Pods */ = {
			isa = PBXGroup;
			children = (
				06BDC523D28EB8445EA58A1F /* Pods-InStore.debug.xcconfig */,
				FB4234B27298C048DF342585 /* Pods-InStore.release.xcconfig */,
				695AE2BF82C757218FF03BA1 /* Pods-InStoreTests.debug.xcconfig */,
				1D5AE28203605372D3A4460C /* Pods-InStoreTests.release.xcconfig */,
			);
			path = Pods;
			sourceTree = "<group>";
		};
		596F4FC3283FB84A008CA0E9 /* HomeScreenView */ = {
			isa = PBXGroup;
			children = (
				596F4FC4283FB872008CA0E9 /* HomeScreenViewController.swift */,
			);
			path = HomeScreenView;
			sourceTree = "<group>";
		};
		596F4FC6283FBAAA008CA0E9 /* Xibs */ = {
			isa = PBXGroup;
			children = (
				596F4FC7283FBAD2008CA0E9 /* BrandsCollectionViewCell.swift */,
				596F4FC8283FBAD2008CA0E9 /* BrandsCollectionViewCell.xib */,
			);
			path = Xibs;
			sourceTree = "<group>";
		};
		596F4FED2840DDB9008CA0E9 /* MyAccountScreen */ = {
			isa = PBXGroup;
			children = (
				596F4FF42840DE91008CA0E9 /* OrderDetailsScreenView */,
				596F4FF32840DE50008CA0E9 /* MyAddressesScreenView */,
				596F4FF22840DE3A008CA0E9 /* MyOrdersScreenView */,
				596F4FF12840DDF1008CA0E9 /* MyAccountScreenView */,
				596F4FF02840DDEB008CA0E9 /* Xibs */,
				596F4FEE2840DDE0008CA0E9 /* MyAccountScreen.storyboard */,
			);
			path = MyAccountScreen;
			sourceTree = "<group>";
		};
		596F4FF02840DDEB008CA0E9 /* Xibs */ = {
			isa = PBXGroup;
			children = (
				596F4FFB2840DF77008CA0E9 /* MyOrders */,
				596F4FFA2840DF23008CA0E9 /* MyAddresses */,
				596F4FF92840DF11008CA0E9 /* OrderDetails */,
			);
			path = Xibs;
			sourceTree = "<group>";
		};
		596F4FF12840DDF1008CA0E9 /* MyAccountScreenView */ = {
			isa = PBXGroup;
			children = (
				596F4FFC2840DFAC008CA0E9 /* MyAccountViewController.swift */,
			);
			path = MyAccountScreenView;
			sourceTree = "<group>";
		};
		596F4FF22840DE3A008CA0E9 /* MyOrdersScreenView */ = {
			isa = PBXGroup;
			children = (
				596F4FFE2840DFC2008CA0E9 /* MyOrdersViewController.swift */,
			);
			path = MyOrdersScreenView;
			sourceTree = "<group>";
		};
		596F4FF32840DE50008CA0E9 /* MyAddressesScreenView */ = {
			isa = PBXGroup;
			children = (
				596F50002840DFD4008CA0E9 /* MyAddressesViewController.swift */,
			);
			path = MyAddressesScreenView;
			sourceTree = "<group>";
		};
		596F4FF42840DE91008CA0E9 /* OrderDetailsScreenView */ = {
			isa = PBXGroup;
			children = (
				596F50022840DFEC008CA0E9 /* OrderDetailsViewController.swift */,
			);
			path = OrderDetailsScreenView;
			sourceTree = "<group>";
		};
		596F4FF92840DF11008CA0E9 /* OrderDetails */ = {
			isa = PBXGroup;
			children = (
				596F4FF52840DEFE008CA0E9 /* OrderDetailsTableViewCell.swift */,
				596F4FF62840DEFE008CA0E9 /* OrderDetailsTableViewCell.xib */,
			);
			path = OrderDetails;
			sourceTree = "<group>";
		};
		596F4FFA2840DF23008CA0E9 /* MyAddresses */ = {
			isa = PBXGroup;
			children = (
				596F500C2840E064008CA0E9 /* MyAddressTableViewCell.swift */,
				596F500D2840E064008CA0E9 /* MyAddressTableViewCell.xib */,
			);
			path = MyAddresses;
			sourceTree = "<group>";
		};
		596F4FFB2840DF77008CA0E9 /* MyOrders */ = {
			isa = PBXGroup;
			children = (
				596F50082840E04D008CA0E9 /* MyOrderTableViewCell.swift */,
				596F50092840E04D008CA0E9 /* MyOrderTableViewCell.xib */,
			);
			path = MyOrders;
			sourceTree = "<group>";
		};
		59F20644283E6A9D00E12D88 /* SplashScreen */ = {
			isa = PBXGroup;
			children = (
				59F20648283E6ADE00E12D88 /* OnBoarding */,
				59F20647283E6ACF00E12D88 /* SplashScreen */,
				59F20645283E6ACA00E12D88 /* SplashScreen.storyboard */,
			);
			path = SplashScreen;
			sourceTree = "<group>";
		};
		59F20647283E6ACF00E12D88 /* SplashScreen */ = {
			isa = PBXGroup;
			children = (
				59F2064D283E6CD000E12D88 /* SplashScreenViewController.swift */,
			);
			path = SplashScreen;
			sourceTree = "<group>";
		};
		59F20648283E6ADE00E12D88 /* OnBoarding */ = {
			isa = PBXGroup;
			children = (
				59F2065A283E7C1800E12D88 /* Xibs */,
				59F20653283E6EF300E12D88 /* OnBoardingView */,
				59F20654283E6F0600E12D88 /* GetStartedView */,
			);
			path = OnBoarding;
			sourceTree = "<group>";
		};
		59F20649283E6C2500E12D88 /* HomeScreen */ = {
			isa = PBXGroup;
			children = (
				596F4FC6283FBAAA008CA0E9 /* Xibs */,
				596F4FC3283FB84A008CA0E9 /* HomeScreenView */,
				59F2064A283E6C3C00E12D88 /* HomeScreen.storyboard */,
			);
			path = HomeScreen;
			sourceTree = "<group>";
		};
		59F20653283E6EF300E12D88 /* OnBoardingView */ = {
			isa = PBXGroup;
			children = (
				59F2064F283E6EA700E12D88 /* OnBoardingViewController.swift */,
			);
			path = OnBoardingView;
			sourceTree = "<group>";
		};
		59F20654283E6F0600E12D88 /* GetStartedView */ = {
			isa = PBXGroup;
			children = (
				59F20651283E6EEA00E12D88 /* GetStartedViewController.swift */,
			);
			path = GetStartedView;
			sourceTree = "<group>";
		};
		59F20655283E735D00E12D88 /* Extentions */ = {
			isa = PBXGroup;
			children = (
				59F20656283E73BB00E12D88 /* UIView+Extention.swift */,
				596F4FC1283FA43B008CA0E9 /* UITextField+Extention.swift */,
			);
			path = Extentions;
			sourceTree = "<group>";
		};
		59F2065A283E7C1800E12D88 /* Xibs */ = {
			isa = PBXGroup;
			children = (
				59F2065D283E7C6600E12D88 /* OnBoardingCollectionViewCell.swift */,
				59F2065E283E7C6600E12D88 /* OnBoardingCollectionViewCell.xib */,
			);
			path = Xibs;
			sourceTree = "<group>";
		};
		B656DFC1283EF0CA0043FCF7 /* Cart */ = {
			isa = PBXGroup;
			children = (
				B656DFCD283EF1D70043FCF7 /* CardScreen */,
				B656DFCB283EF1C20043FCF7 /* Card.storyboard */,
			);
			path = Cart;
			sourceTree = "<group>";
		};
		B656DFC2283EF0E30043FCF7 /* ConfirmOrder */ = {
			isa = PBXGroup;
			children = (
				B656DFC3283EF10D0043FCF7 /* ConfirmOrderViewController.swift */,
			);
			path = ConfirmOrder;
			sourceTree = "<group>";
		};
		B656DFCD283EF1D70043FCF7 /* CardScreen */ = {
			isa = PBXGroup;
			children = (
				B656DFC5283EF1290043FCF7 /* CardViewController.swift */,
				B656DFC7283EF1600043FCF7 /* CardTableViewCell.swift */,
			);
			path = CardScreen;
			sourceTree = "<group>";
		};
		B656DFCE283EF38B0043FCF7 /* Animation */ = {
			isa = PBXGroup;
			children = (
				B656DFCF283EF3C50043FCF7 /* confirm_order_anim.json */,
			);
			path = Animation;
			sourceTree = "<group>";
		};
/* End PBXGroup section */

/* Begin PBXNativeTarget section */
		048B3F3D283CD23A00CEF8D0 /* InStore */ = {
			isa = PBXNativeTarget;
			buildConfigurationList = 048B3F60283CD23C00CEF8D0 /* Build configuration list for PBXNativeTarget "InStore" */;
			buildPhases = (
				EAC61C6CC1B29BDA103E98B5 /* [CP] Check Pods Manifest.lock */,
				048B3F3A283CD23A00CEF8D0 /* Sources */,
				048B3F3B283CD23A00CEF8D0 /* Frameworks */,
				048B3F3C283CD23A00CEF8D0 /* Resources */,
				B10A6FB52D9C7BA1F04D57F6 /* [CP] Embed Pods Frameworks */,
			);
			buildRules = (
			);
			dependencies = (
			);
			name = InStore;
			productName = InStore;
			productReference = 048B3F3E283CD23A00CEF8D0 /* InStore.app */;
			productType = "com.apple.product-type.application";
		};
		048B3F56283CD23C00CEF8D0 /* InStoreTests */ = {
			isa = PBXNativeTarget;
			buildConfigurationList = 048B3F63283CD23C00CEF8D0 /* Build configuration list for PBXNativeTarget "InStoreTests" */;
			buildPhases = (
				2D0E7BF94748C9DE812CF28E /* [CP] Check Pods Manifest.lock */,
				048B3F53283CD23C00CEF8D0 /* Sources */,
				048B3F54283CD23C00CEF8D0 /* Frameworks */,
				048B3F55283CD23C00CEF8D0 /* Resources */,
			);
			buildRules = (
			);
			dependencies = (
				048B3F59283CD23C00CEF8D0 /* PBXTargetDependency */,
			);
			name = InStoreTests;
			productName = InStoreTests;
			productReference = 048B3F57283CD23C00CEF8D0 /* InStoreTests.xctest */;
			productType = "com.apple.product-type.bundle.unit-test";
		};
/* End PBXNativeTarget section */

/* Begin PBXProject section */
		048B3F36283CD23A00CEF8D0 /* Project object */ = {
			isa = PBXProject;
			attributes = {
				LastSwiftUpdateCheck = 1130;
				LastUpgradeCheck = 1130;
				ORGANIZATIONNAME = mac;
				TargetAttributes = {
					048B3F3D283CD23A00CEF8D0 = {
						CreatedOnToolsVersion = 11.3.1;
					};
					048B3F56283CD23C00CEF8D0 = {
						CreatedOnToolsVersion = 11.3.1;
						TestTargetID = 048B3F3D283CD23A00CEF8D0;
					};
				};
			};
			buildConfigurationList = 048B3F39283CD23A00CEF8D0 /* Build configuration list for PBXProject "InStore" */;
			compatibilityVersion = "Xcode 9.3";
			developmentRegion = en;
			hasScannedForEncodings = 0;
			knownRegions = (
				en,
				Base,
			);
			mainGroup = 048B3F35283CD23A00CEF8D0;
			productRefGroup = 048B3F3F283CD23A00CEF8D0 /* Products */;
			projectDirPath = "";
			projectRoot = "";
			targets = (
				048B3F3D283CD23A00CEF8D0 /* InStore */,
				048B3F56283CD23C00CEF8D0 /* InStoreTests */,
			);
		};
/* End PBXProject section */

/* Begin PBXResourcesBuildPhase section */
		048B3F3C283CD23A00CEF8D0 /* Resources */ = {
			isa = PBXResourcesBuildPhase;
			buildActionMask = 2147483647;
			files = (
				596F4FCA283FBAD2008CA0E9 /* BrandsCollectionViewCell.xib in Resources */,
				B656DFCC283EF1C20043FCF7 /* Card.storyboard in Resources */,
				B656DFD0283EF3C60043FCF7 /* confirm_order_anim.json in Resources */,
				048B3F51283CD23C00CEF8D0 /* LaunchScreen.storyboard in Resources */,
				59F20660283E7C6600E12D88 /* OnBoardingCollectionViewCell.xib in Resources */,
				048B3F4E283CD23C00CEF8D0 /* Assets.xcassets in Resources */,
				596F500B2840E04D008CA0E9 /* MyOrderTableViewCell.xib in Resources */,
				596F4FEF2840DDE0008CA0E9 /* MyAccountScreen.storyboard in Resources */,
				048B3F49283CD23A00CEF8D0 /* Main.storyboard in Resources */,
				59F2064B283E6C3C00E12D88 /* HomeScreen.storyboard in Resources */,
				596F500F2840E064008CA0E9 /* MyAddressTableViewCell.xib in Resources */,
				59F20646283E6ACA00E12D88 /* SplashScreen.storyboard in Resources */,
				044E7F20283DE7E80078CA50 /* UserAuthentication.storyboard in Resources */,
				596F4FF82840DEFE008CA0E9 /* OrderDetailsTableViewCell.xib in Resources */,
			);
			runOnlyForDeploymentPostprocessing = 0;
		};
		048B3F55283CD23C00CEF8D0 /* Resources */ = {
			isa = PBXResourcesBuildPhase;
			buildActionMask = 2147483647;
			files = (
			);
			runOnlyForDeploymentPostprocessing = 0;
		};
/* End PBXResourcesBuildPhase section */

/* Begin PBXShellScriptBuildPhase section */
		2D0E7BF94748C9DE812CF28E /* [CP] Check Pods Manifest.lock */ = {
			isa = PBXShellScriptBuildPhase;
			buildActionMask = 2147483647;
			files = (
			);
			inputFileListPaths = (
			);
			inputPaths = (
				"${PODS_PODFILE_DIR_PATH}/Podfile.lock",
				"${PODS_ROOT}/Manifest.lock",
			);
			name = "[CP] Check Pods Manifest.lock";
			outputFileListPaths = (
			);
			outputPaths = (
				"$(DERIVED_FILE_DIR)/Pods-InStoreTests-checkManifestLockResult.txt",
			);
			runOnlyForDeploymentPostprocessing = 0;
			shellPath = /bin/sh;
			shellScript = "diff \"${PODS_PODFILE_DIR_PATH}/Podfile.lock\" \"${PODS_ROOT}/Manifest.lock\" > /dev/null\nif [ $? != 0 ] ; then\n    # print error to STDERR\n    echo \"error: The sandbox is not in sync with the Podfile.lock. Run 'pod install' or update your CocoaPods installation.\" >&2\n    exit 1\nfi\n# This output is used by Xcode 'outputs' to avoid re-running this script phase.\necho \"SUCCESS\" > \"${SCRIPT_OUTPUT_FILE_0}\"\n";
			showEnvVarsInLog = 0;
		};
		B10A6FB52D9C7BA1F04D57F6 /* [CP] Embed Pods Frameworks */ = {
			isa = PBXShellScriptBuildPhase;
			buildActionMask = 2147483647;
			files = (
			);
			inputFileListPaths = (
				"${PODS_ROOT}/Target Support Files/Pods-InStore/Pods-InStore-frameworks-${CONFIGURATION}-input-files.xcfilelist",
			);
			name = "[CP] Embed Pods Frameworks";
			outputFileListPaths = (
				"${PODS_ROOT}/Target Support Files/Pods-InStore/Pods-InStore-frameworks-${CONFIGURATION}-output-files.xcfilelist",
			);
			runOnlyForDeploymentPostprocessing = 0;
			shellPath = /bin/sh;
			shellScript = "\"${PODS_ROOT}/Target Support Files/Pods-InStore/Pods-InStore-frameworks.sh\"\n";
			showEnvVarsInLog = 0;
		};
		EAC61C6CC1B29BDA103E98B5 /* [CP] Check Pods Manifest.lock */ = {
			isa = PBXShellScriptBuildPhase;
			buildActionMask = 2147483647;
			files = (
			);
			inputFileListPaths = (
			);
			inputPaths = (
				"${PODS_PODFILE_DIR_PATH}/Podfile.lock",
				"${PODS_ROOT}/Manifest.lock",
			);
			name = "[CP] Check Pods Manifest.lock";
			outputFileListPaths = (
			);
			outputPaths = (
				"$(DERIVED_FILE_DIR)/Pods-InStore-checkManifestLockResult.txt",
			);
			runOnlyForDeploymentPostprocessing = 0;
			shellPath = /bin/sh;
			shellScript = "diff \"${PODS_PODFILE_DIR_PATH}/Podfile.lock\" \"${PODS_ROOT}/Manifest.lock\" > /dev/null\nif [ $? != 0 ] ; then\n    # print error to STDERR\n    echo \"error: The sandbox is not in sync with the Podfile.lock. Run 'pod install' or update your CocoaPods installation.\" >&2\n    exit 1\nfi\n# This output is used by Xcode 'outputs' to avoid re-running this script phase.\necho \"SUCCESS\" > \"${SCRIPT_OUTPUT_FILE_0}\"\n";
			showEnvVarsInLog = 0;
		};
/* End PBXShellScriptBuildPhase section */

/* Begin PBXSourcesBuildPhase section */
		048B3F3A283CD23A00CEF8D0 /* Sources */ = {
			isa = PBXSourcesBuildPhase;
			buildActionMask = 2147483647;
			files = (
				596F4FCC283FBF94008CA0E9 /* Brand.swift in Sources */,
				048B3F4C283CD23A00CEF8D0 /* InStore.xcdatamodeld in Sources */,
				596F4FFD2840DFAD008CA0E9 /* MyAccountViewController.swift in Sources */,
				048B3F46283CD23A00CEF8D0 /* LoginViewController.swift in Sources */,
				048B3F42283CD23A00CEF8D0 /* AppDelegate.swift in Sources */,
				59F2065F283E7C6600E12D88 /* OnBoardingCollectionViewCell.swift in Sources */,
				596F50032840DFEC008CA0E9 /* OrderDetailsViewController.swift in Sources */,
				596F4FF72840DEFE008CA0E9 /* OrderDetailsTableViewCell.swift in Sources */,
				595988362841556A00ACB869 /* MockOrder.swift in Sources */,
				B656DFC6283EF1290043FCF7 /* CardViewController.swift in Sources */,
				596F50012840DFD4008CA0E9 /* MyAddressesViewController.swift in Sources */,
				596F500A2840E04D008CA0E9 /* MyOrderTableViewCell.swift in Sources */,
				59F20657283E73BB00E12D88 /* UIView+Extention.swift in Sources */,
				59F20650283E6EA700E12D88 /* OnBoardingViewController.swift in Sources */,
				59F2064E283E6CD000E12D88 /* SplashScreenViewController.swift in Sources */,
				596F4FC2283FA43B008CA0E9 /* UITextField+Extention.swift in Sources */,
				59F20652283E6EEA00E12D88 /* GetStartedViewController.swift in Sources */,
				596F4FC9283FBAD2008CA0E9 /* BrandsCollectionViewCell.swift in Sources */,
				B656DFC8283EF1600043FCF7 /* CardTableViewCell.swift in Sources */,
				596F4FFF2840DFC2008CA0E9 /* MyOrdersViewController.swift in Sources */,
				B656DFC4283EF10D0043FCF7 /* ConfirmOrderViewController.swift in Sources */,
				59F20659283E798E00E12D88 /* OnboardingSlide.swift in Sources */,
				048B3F44283CD23A00CEF8D0 /* SceneDelegate.swift in Sources */,
				596F500E2840E064008CA0E9 /* MyAddressTableViewCell.swift in Sources */,
				596F4FC5283FB872008CA0E9 /* HomeScreenViewController.swift in Sources */,
			);
			runOnlyForDeploymentPostprocessing = 0;
		};
		048B3F53283CD23C00CEF8D0 /* Sources */ = {
			isa = PBXSourcesBuildPhase;
			buildActionMask = 2147483647;
			files = (
				048B3F5C283CD23C00CEF8D0 /* InStoreTests.swift in Sources */,
			);
			runOnlyForDeploymentPostprocessing = 0;
		};
/* End PBXSourcesBuildPhase section */

/* Begin PBXTargetDependency section */
		048B3F59283CD23C00CEF8D0 /* PBXTargetDependency */ = {
			isa = PBXTargetDependency;
			target = 048B3F3D283CD23A00CEF8D0 /* InStore */;
			targetProxy = 048B3F58283CD23C00CEF8D0 /* PBXContainerItemProxy */;
		};
/* End PBXTargetDependency section */

/* Begin PBXVariantGroup section */
		048B3F47283CD23A00CEF8D0 /* Main.storyboard */ = {
			isa = PBXVariantGroup;
			children = (
				048B3F48283CD23A00CEF8D0 /* Base */,
			);
			name = Main.storyboard;
			sourceTree = "<group>";
		};
		048B3F4F283CD23C00CEF8D0 /* LaunchScreen.storyboard */ = {
			isa = PBXVariantGroup;
			children = (
				048B3F50283CD23C00CEF8D0 /* Base */,
			);
			name = LaunchScreen.storyboard;
			sourceTree = "<group>";
		};
/* End PBXVariantGroup section */

/* Begin XCBuildConfiguration section */
		048B3F5E283CD23C00CEF8D0 /* Debug */ = {
			isa = XCBuildConfiguration;
			buildSettings = {
				ALWAYS_SEARCH_USER_PATHS = NO;
				CLANG_ANALYZER_NONNULL = YES;
				CLANG_ANALYZER_NUMBER_OBJECT_CONVERSION = YES_AGGRESSIVE;
				CLANG_CXX_LANGUAGE_STANDARD = "gnu++14";
				CLANG_CXX_LIBRARY = "libc++";
				CLANG_ENABLE_MODULES = YES;
				CLANG_ENABLE_OBJC_ARC = YES;
				CLANG_ENABLE_OBJC_WEAK = YES;
				CLANG_WARN_BLOCK_CAPTURE_AUTORELEASING = YES;
				CLANG_WARN_BOOL_CONVERSION = YES;
				CLANG_WARN_COMMA = YES;
				CLANG_WARN_CONSTANT_CONVERSION = YES;
				CLANG_WARN_DEPRECATED_OBJC_IMPLEMENTATIONS = YES;
				CLANG_WARN_DIRECT_OBJC_ISA_USAGE = YES_ERROR;
				CLANG_WARN_DOCUMENTATION_COMMENTS = YES;
				CLANG_WARN_EMPTY_BODY = YES;
				CLANG_WARN_ENUM_CONVERSION = YES;
				CLANG_WARN_INFINITE_RECURSION = YES;
				CLANG_WARN_INT_CONVERSION = YES;
				CLANG_WARN_NON_LITERAL_NULL_CONVERSION = YES;
				CLANG_WARN_OBJC_IMPLICIT_RETAIN_SELF = YES;
				CLANG_WARN_OBJC_LITERAL_CONVERSION = YES;
				CLANG_WARN_OBJC_ROOT_CLASS = YES_ERROR;
				CLANG_WARN_RANGE_LOOP_ANALYSIS = YES;
				CLANG_WARN_STRICT_PROTOTYPES = YES;
				CLANG_WARN_SUSPICIOUS_MOVE = YES;
				CLANG_WARN_UNGUARDED_AVAILABILITY = YES_AGGRESSIVE;
				CLANG_WARN_UNREACHABLE_CODE = YES;
				CLANG_WARN__DUPLICATE_METHOD_MATCH = YES;
				COPY_PHASE_STRIP = NO;
				DEBUG_INFORMATION_FORMAT = dwarf;
				ENABLE_STRICT_OBJC_MSGSEND = YES;
				ENABLE_TESTABILITY = YES;
				GCC_C_LANGUAGE_STANDARD = gnu11;
				GCC_DYNAMIC_NO_PIC = NO;
				GCC_NO_COMMON_BLOCKS = YES;
				GCC_OPTIMIZATION_LEVEL = 0;
				GCC_PREPROCESSOR_DEFINITIONS = (
					"DEBUG=1",
					"$(inherited)",
				);
				GCC_WARN_64_TO_32_BIT_CONVERSION = YES;
				GCC_WARN_ABOUT_RETURN_TYPE = YES_ERROR;
				GCC_WARN_UNDECLARED_SELECTOR = YES;
				GCC_WARN_UNINITIALIZED_AUTOS = YES_AGGRESSIVE;
				GCC_WARN_UNUSED_FUNCTION = YES;
				GCC_WARN_UNUSED_VARIABLE = YES;
				IPHONEOS_DEPLOYMENT_TARGET = 13.2;
				MTL_ENABLE_DEBUG_INFO = INCLUDE_SOURCE;
				MTL_FAST_MATH = YES;
				ONLY_ACTIVE_ARCH = YES;
				SDKROOT = iphoneos;
				SWIFT_ACTIVE_COMPILATION_CONDITIONS = DEBUG;
				SWIFT_OPTIMIZATION_LEVEL = "-Onone";
			};
			name = Debug;
		};
		048B3F5F283CD23C00CEF8D0 /* Release */ = {
			isa = XCBuildConfiguration;
			buildSettings = {
				ALWAYS_SEARCH_USER_PATHS = NO;
				CLANG_ANALYZER_NONNULL = YES;
				CLANG_ANALYZER_NUMBER_OBJECT_CONVERSION = YES_AGGRESSIVE;
				CLANG_CXX_LANGUAGE_STANDARD = "gnu++14";
				CLANG_CXX_LIBRARY = "libc++";
				CLANG_ENABLE_MODULES = YES;
				CLANG_ENABLE_OBJC_ARC = YES;
				CLANG_ENABLE_OBJC_WEAK = YES;
				CLANG_WARN_BLOCK_CAPTURE_AUTORELEASING = YES;
				CLANG_WARN_BOOL_CONVERSION = YES;
				CLANG_WARN_COMMA = YES;
				CLANG_WARN_CONSTANT_CONVERSION = YES;
				CLANG_WARN_DEPRECATED_OBJC_IMPLEMENTATIONS = YES;
				CLANG_WARN_DIRECT_OBJC_ISA_USAGE = YES_ERROR;
				CLANG_WARN_DOCUMENTATION_COMMENTS = YES;
				CLANG_WARN_EMPTY_BODY = YES;
				CLANG_WARN_ENUM_CONVERSION = YES;
				CLANG_WARN_INFINITE_RECURSION = YES;
				CLANG_WARN_INT_CONVERSION = YES;
				CLANG_WARN_NON_LITERAL_NULL_CONVERSION = YES;
				CLANG_WARN_OBJC_IMPLICIT_RETAIN_SELF = YES;
				CLANG_WARN_OBJC_LITERAL_CONVERSION = YES;
				CLANG_WARN_OBJC_ROOT_CLASS = YES_ERROR;
				CLANG_WARN_RANGE_LOOP_ANALYSIS = YES;
				CLANG_WARN_STRICT_PROTOTYPES = YES;
				CLANG_WARN_SUSPICIOUS_MOVE = YES;
				CLANG_WARN_UNGUARDED_AVAILABILITY = YES_AGGRESSIVE;
				CLANG_WARN_UNREACHABLE_CODE = YES;
				CLANG_WARN__DUPLICATE_METHOD_MATCH = YES;
				COPY_PHASE_STRIP = NO;
				DEBUG_INFORMATION_FORMAT = "dwarf-with-dsym";
				ENABLE_NS_ASSERTIONS = NO;
				ENABLE_STRICT_OBJC_MSGSEND = YES;
				GCC_C_LANGUAGE_STANDARD = gnu11;
				GCC_NO_COMMON_BLOCKS = YES;
				GCC_WARN_64_TO_32_BIT_CONVERSION = YES;
				GCC_WARN_ABOUT_RETURN_TYPE = YES_ERROR;
				GCC_WARN_UNDECLARED_SELECTOR = YES;
				GCC_WARN_UNINITIALIZED_AUTOS = YES_AGGRESSIVE;
				GCC_WARN_UNUSED_FUNCTION = YES;
				GCC_WARN_UNUSED_VARIABLE = YES;
				IPHONEOS_DEPLOYMENT_TARGET = 13.2;
				MTL_ENABLE_DEBUG_INFO = NO;
				MTL_FAST_MATH = YES;
				SDKROOT = iphoneos;
				SWIFT_COMPILATION_MODE = wholemodule;
				SWIFT_OPTIMIZATION_LEVEL = "-O";
				VALIDATE_PRODUCT = YES;
			};
			name = Release;
		};
		048B3F61283CD23C00CEF8D0 /* Debug */ = {
			isa = XCBuildConfiguration;
			baseConfigurationReference = 06BDC523D28EB8445EA58A1F /* Pods-InStore.debug.xcconfig */;
			buildSettings = {
				ASSETCATALOG_COMPILER_APPICON_NAME = AppIcon;
				CODE_SIGN_STYLE = Automatic;
				DEVELOPMENT_TEAM = A43YVNKL7X;
				INFOPLIST_FILE = InStore/Info.plist;
				LD_RUNPATH_SEARCH_PATHS = (
					"$(inherited)",
					"@executable_path/Frameworks",
				);
				PRODUCT_BUNDLE_IDENTIFIER = mac.com.InStore;
				PRODUCT_NAME = "$(TARGET_NAME)";
				SWIFT_VERSION = 5.0;
				TARGETED_DEVICE_FAMILY = "1,2";
			};
			name = Debug;
		};
		048B3F62283CD23C00CEF8D0 /* Release */ = {
			isa = XCBuildConfiguration;
			baseConfigurationReference = FB4234B27298C048DF342585 /* Pods-InStore.release.xcconfig */;
			buildSettings = {
				ASSETCATALOG_COMPILER_APPICON_NAME = AppIcon;
				CODE_SIGN_STYLE = Automatic;
				DEVELOPMENT_TEAM = A43YVNKL7X;
				INFOPLIST_FILE = InStore/Info.plist;
				LD_RUNPATH_SEARCH_PATHS = (
					"$(inherited)",
					"@executable_path/Frameworks",
				);
				PRODUCT_BUNDLE_IDENTIFIER = mac.com.InStore;
				PRODUCT_NAME = "$(TARGET_NAME)";
				SWIFT_VERSION = 5.0;
				TARGETED_DEVICE_FAMILY = "1,2";
			};
			name = Release;
		};
		048B3F64283CD23C00CEF8D0 /* Debug */ = {
			isa = XCBuildConfiguration;
			baseConfigurationReference = 695AE2BF82C757218FF03BA1 /* Pods-InStoreTests.debug.xcconfig */;
			buildSettings = {
				ALWAYS_EMBED_SWIFT_STANDARD_LIBRARIES = YES;
				BUNDLE_LOADER = "$(TEST_HOST)";
				CODE_SIGN_STYLE = Automatic;
				DEVELOPMENT_TEAM = A43YVNKL7X;
				INFOPLIST_FILE = InStoreTests/Info.plist;
				IPHONEOS_DEPLOYMENT_TARGET = 13.2;
				LD_RUNPATH_SEARCH_PATHS = (
					"$(inherited)",
					"@executable_path/Frameworks",
					"@loader_path/Frameworks",
				);
				PRODUCT_BUNDLE_IDENTIFIER = mac.com.InStoreTests;
				PRODUCT_NAME = "$(TARGET_NAME)";
				SWIFT_VERSION = 5.0;
				TARGETED_DEVICE_FAMILY = "1,2";
				TEST_HOST = "$(BUILT_PRODUCTS_DIR)/InStore.app/InStore";
			};
			name = Debug;
		};
		048B3F65283CD23C00CEF8D0 /* Release */ = {
			isa = XCBuildConfiguration;
			baseConfigurationReference = 1D5AE28203605372D3A4460C /* Pods-InStoreTests.release.xcconfig */;
			buildSettings = {
				ALWAYS_EMBED_SWIFT_STANDARD_LIBRARIES = YES;
				BUNDLE_LOADER = "$(TEST_HOST)";
				CODE_SIGN_STYLE = Automatic;
				DEVELOPMENT_TEAM = A43YVNKL7X;
				INFOPLIST_FILE = InStoreTests/Info.plist;
				IPHONEOS_DEPLOYMENT_TARGET = 13.2;
				LD_RUNPATH_SEARCH_PATHS = (
					"$(inherited)",
					"@executable_path/Frameworks",
					"@loader_path/Frameworks",
				);
				PRODUCT_BUNDLE_IDENTIFIER = mac.com.InStoreTests;
				PRODUCT_NAME = "$(TARGET_NAME)";
				SWIFT_VERSION = 5.0;
				TARGETED_DEVICE_FAMILY = "1,2";
				TEST_HOST = "$(BUILT_PRODUCTS_DIR)/InStore.app/InStore";
			};
			name = Release;
		};
/* End XCBuildConfiguration section */

/* Begin XCConfigurationList section */
		048B3F39283CD23A00CEF8D0 /* Build configuration list for PBXProject "InStore" */ = {
			isa = XCConfigurationList;
			buildConfigurations = (
				048B3F5E283CD23C00CEF8D0 /* Debug */,
				048B3F5F283CD23C00CEF8D0 /* Release */,
			);
			defaultConfigurationIsVisible = 0;
			defaultConfigurationName = Release;
		};
		048B3F60283CD23C00CEF8D0 /* Build configuration list for PBXNativeTarget "InStore" */ = {
			isa = XCConfigurationList;
			buildConfigurations = (
				048B3F61283CD23C00CEF8D0 /* Debug */,
				048B3F62283CD23C00CEF8D0 /* Release */,
			);
			defaultConfigurationIsVisible = 0;
			defaultConfigurationName = Release;
		};
		048B3F63283CD23C00CEF8D0 /* Build configuration list for PBXNativeTarget "InStoreTests" */ = {
			isa = XCConfigurationList;
			buildConfigurations = (
				048B3F64283CD23C00CEF8D0 /* Debug */,
				048B3F65283CD23C00CEF8D0 /* Release */,
			);
			defaultConfigurationIsVisible = 0;
			defaultConfigurationName = Release;
		};
/* End XCConfigurationList section */

/* Begin XCVersionGroup section */
		048B3F4A283CD23A00CEF8D0 /* InStore.xcdatamodeld */ = {
			isa = XCVersionGroup;
			children = (
				048B3F4B283CD23A00CEF8D0 /* InStore.xcdatamodel */,
			);
			currentVersion = 048B3F4B283CD23A00CEF8D0 /* InStore.xcdatamodel */;
			path = InStore.xcdatamodeld;
			sourceTree = "<group>";
			versionGroupType = wrapper.xcdatamodel;
		};
/* End XCVersionGroup section */
	};
	rootObject = 048B3F36283CD23A00CEF8D0 /* Project object */;
}
