// !$*UTF8*$!
{
	archiveVersion = 1;
	classes = {
	};
	objectVersion = 51;
	objects = {

/* Begin PBXBuildFile section */
		04071ED62848B13900942AE2 /* RegisterViewModel.swift in Sources */ = {isa = PBXBuildFile; fileRef = 04071ED52848B13900942AE2 /* RegisterViewModel.swift */; };
		04071ED82848B16100942AE2 /* RegisterViewModelProtocol.swift in Sources */ = {isa = PBXBuildFile; fileRef = 04071ED72848B16100942AE2 /* RegisterViewModelProtocol.swift */; };
		040B39A0284A1CDD000EA9FE /* LoginViewModel.swift in Sources */ = {isa = PBXBuildFile; fileRef = 040B399F284A1CDD000EA9FE /* LoginViewModel.swift */; };
		040B39A3284A1CFD000EA9FE /* LoginViewModelProtocol.swift in Sources */ = {isa = PBXBuildFile; fileRef = 040B39A2284A1CFD000EA9FE /* LoginViewModelProtocol.swift */; };
		042EE8A02844A062004ECD9A /* FilterCell.swift in Sources */ = {isa = PBXBuildFile; fileRef = 042EE89E2844A062004ECD9A /* FilterCell.swift */; };
		042EE8A12844A062004ECD9A /* FilterCell.xib in Resources */ = {isa = PBXBuildFile; fileRef = 042EE89F2844A062004ECD9A /* FilterCell.xib */; };
		043702EE284ACC730071C9C1 /* UILabel+Extension.swift in Sources */ = {isa = PBXBuildFile; fileRef = 043702ED284ACC730071C9C1 /* UILabel+Extension.swift */; };
		044C2D562844DC8F00A4943F /* CheckboxButton.swift in Sources */ = {isa = PBXBuildFile; fileRef = 044C2D552844DC8F00A4943F /* CheckboxButton.swift */; };
		044E7F20283DE7E80078CA50 /* UserAuthentication.storyboard in Resources */ = {isa = PBXBuildFile; fileRef = 044E7F1F283DE7E80078CA50 /* UserAuthentication.storyboard */; };
		04530B8C2847BC040064149C /* Customer.swift in Sources */ = {isa = PBXBuildFile; fileRef = 04530B8B2847BC040064149C /* Customer.swift */; };
		04530B8E2847BC380064149C /* OnboardingSlide.swift in Sources */ = {isa = PBXBuildFile; fileRef = 04530B8D2847BC380064149C /* OnboardingSlide.swift */; };
		04530B912847BC600064149C /* Brand.swift in Sources */ = {isa = PBXBuildFile; fileRef = 04530B902847BC600064149C /* Brand.swift */; };
		04530B932847BC920064149C /* MockOrder.swift in Sources */ = {isa = PBXBuildFile; fileRef = 04530B922847BC920064149C /* MockOrder.swift */; };
		04530B952847BCEC0064149C /* APIConstants.swift in Sources */ = {isa = PBXBuildFile; fileRef = 04530B942847BCEC0064149C /* APIConstants.swift */; };
		04530B972847BD070064149C /* APIError.swift in Sources */ = {isa = PBXBuildFile; fileRef = 04530B962847BD070064149C /* APIError.swift */; };
		04530B992847BD200064149C /* EndPoint.swift in Sources */ = {isa = PBXBuildFile; fileRef = 04530B982847BD200064149C /* EndPoint.swift */; };
		04530B9B2847BD3F0064149C /* APIClient.swift in Sources */ = {isa = PBXBuildFile; fileRef = 04530B9A2847BD3F0064149C /* APIClient.swift */; };
		04530BA02847BF590064149C /* Repository.swift in Sources */ = {isa = PBXBuildFile; fileRef = 04530B9F2847BF590064149C /* Repository.swift */; };
		04530BA22847C2370064149C /* LocalDataSource.swift in Sources */ = {isa = PBXBuildFile; fileRef = 04530BA12847C2370064149C /* LocalDataSource.swift */; };
		04530BA42847C2730064149C /* LocalDataSourceProtocol.swift in Sources */ = {isa = PBXBuildFile; fileRef = 04530BA32847C2730064149C /* LocalDataSourceProtocol.swift */; };
		04530BA62847C2B20064149C /* RepositoryProtocol.swift in Sources */ = {isa = PBXBuildFile; fileRef = 04530BA52847C2B20064149C /* RepositoryProtocol.swift */; };
		04530BA828480EE50064149C /* String+Extension.swift in Sources */ = {isa = PBXBuildFile; fileRef = 04530BA728480EE50064149C /* String+Extension.swift */; };
		04716B062845257D00472C58 /* AddAddressViewController.swift in Sources */ = {isa = PBXBuildFile; fileRef = 04716B052845257D00472C58 /* AddAddressViewController.swift */; };
		04716B09284525B800472C58 /* AddressesViewController.swift in Sources */ = {isa = PBXBuildFile; fileRef = 04716B08284525B800472C58 /* AddressesViewController.swift */; };
		04716B0B284525D500472C58 /* AddressesTableViewCell.swift in Sources */ = {isa = PBXBuildFile; fileRef = 04716B0A284525D500472C58 /* AddressesTableViewCell.swift */; };
		04716B0E2845261900472C58 /* ConfirmOrderViewController.swift in Sources */ = {isa = PBXBuildFile; fileRef = 04716B0D2845261900472C58 /* ConfirmOrderViewController.swift */; };
		04716B11284528CA00472C58 /* Wishlist.storyboard in Resources */ = {isa = PBXBuildFile; fileRef = 04716B10284528CA00472C58 /* Wishlist.storyboard */; };
		04716B14284528EB00472C58 /* WishlistViewController.swift in Sources */ = {isa = PBXBuildFile; fileRef = 04716B13284528EB00472C58 /* WishlistViewController.swift */; };
		04716B1A2845295E00472C58 /* WishlistTableViewCell.swift in Sources */ = {isa = PBXBuildFile; fileRef = 04716B182845295E00472C58 /* WishlistTableViewCell.swift */; };
		04716B1B2845295E00472C58 /* WishlistTableViewCell.xib in Resources */ = {isa = PBXBuildFile; fileRef = 04716B192845295E00472C58 /* WishlistTableViewCell.xib */; };
		04716B20284529C500472C58 /* SuggestedCollectionViewCell.swift in Sources */ = {isa = PBXBuildFile; fileRef = 04716B1E284529C500472C58 /* SuggestedCollectionViewCell.swift */; };
		04716B21284529C500472C58 /* SuggestedCollectionViewCell.xib in Resources */ = {isa = PBXBuildFile; fileRef = 04716B1F284529C500472C58 /* SuggestedCollectionViewCell.xib */; };
		04716B2328452E0600472C58 /* RegisterViewController.swift in Sources */ = {isa = PBXBuildFile; fileRef = 04716B2228452E0600472C58 /* RegisterViewController.swift */; };
		0476F03A284ADB45006EEDE2 /* ProductDetailsViewModel.swift in Sources */ = {isa = PBXBuildFile; fileRef = 0476F039284ADB45006EEDE2 /* ProductDetailsViewModel.swift */; };
		0476F03C284ADB50006EEDE2 /* ProductDetailsViewModelProtocol.swift in Sources */ = {isa = PBXBuildFile; fileRef = 0476F03B284ADB50006EEDE2 /* ProductDetailsViewModelProtocol.swift */; };
		04889DBC284A993D00992A74 /* AllProductsViewModel.swift in Sources */ = {isa = PBXBuildFile; fileRef = 04889DBB284A993D00992A74 /* AllProductsViewModel.swift */; };
		04889DBE284A994900992A74 /* AllProductsViewModelProtocol.swift in Sources */ = {isa = PBXBuildFile; fileRef = 04889DBD284A994900992A74 /* AllProductsViewModelProtocol.swift */; };
		048B3F42283CD23A00CEF8D0 /* AppDelegate.swift in Sources */ = {isa = PBXBuildFile; fileRef = 048B3F41283CD23A00CEF8D0 /* AppDelegate.swift */; };
		048B3F44283CD23A00CEF8D0 /* SceneDelegate.swift in Sources */ = {isa = PBXBuildFile; fileRef = 048B3F43283CD23A00CEF8D0 /* SceneDelegate.swift */; };
		048B3F46283CD23A00CEF8D0 /* LoginViewController.swift in Sources */ = {isa = PBXBuildFile; fileRef = 048B3F45283CD23A00CEF8D0 /* LoginViewController.swift */; };
		048B3F49283CD23A00CEF8D0 /* Main.storyboard in Resources */ = {isa = PBXBuildFile; fileRef = 048B3F47283CD23A00CEF8D0 /* Main.storyboard */; };
		048B3F4C283CD23A00CEF8D0 /* InStore.xcdatamodeld in Sources */ = {isa = PBXBuildFile; fileRef = 048B3F4A283CD23A00CEF8D0 /* InStore.xcdatamodeld */; };
		048B3F4E283CD23C00CEF8D0 /* Assets.xcassets in Resources */ = {isa = PBXBuildFile; fileRef = 048B3F4D283CD23C00CEF8D0 /* Assets.xcassets */; };
		048B3F51283CD23C00CEF8D0 /* LaunchScreen.storyboard in Resources */ = {isa = PBXBuildFile; fileRef = 048B3F4F283CD23C00CEF8D0 /* LaunchScreen.storyboard */; };
		048B3F5C283CD23C00CEF8D0 /* InStoreTests.swift in Sources */ = {isa = PBXBuildFile; fileRef = 048B3F5B283CD23C00CEF8D0 /* InStoreTests.swift */; };
		048C1E012842F91100E4F512 /* Constants.swift in Sources */ = {isa = PBXBuildFile; fileRef = 048C1E002842F91100E4F512 /* Constants.swift */; };
		04A7FD6B2842DFA2008467E2 /* FilterViewController.swift in Sources */ = {isa = PBXBuildFile; fileRef = 04A7FD6A2842DFA2008467E2 /* FilterViewController.swift */; };
		04A7FD6E2842E32C008467E2 /* CustomVisualEffectView.swift in Sources */ = {isa = PBXBuildFile; fileRef = 04A7FD6D2842E32C008467E2 /* CustomVisualEffectView.swift */; };
		49321410990E3EE85250171A /* Pods_InStoreTests.framework in Frameworks */ = {isa = PBXBuildFile; fileRef = 1AF50FCA7EA54DD3BC1A65EF /* Pods_InStoreTests.framework */; };
		592229EF2848B0330057CCCB /* MyAccountViewModel.swift in Sources */ = {isa = PBXBuildFile; fileRef = 592229EE2848B0330057CCCB /* MyAccountViewModel.swift */; };
		592229F12848D1A50057CCCB /* State.swift in Sources */ = {isa = PBXBuildFile; fileRef = 592229F02848D1A50057CCCB /* State.swift */; };
		592229F4284901B60057CCCB /* MyAddressesViewModel.swift in Sources */ = {isa = PBXBuildFile; fileRef = 592229F3284901B60057CCCB /* MyAddressesViewModel.swift */; };
		596F4FC2283FA43B008CA0E9 /* UITextField+Extention.swift in Sources */ = {isa = PBXBuildFile; fileRef = 596F4FC1283FA43B008CA0E9 /* UITextField+Extention.swift */; };
		596F4FC5283FB872008CA0E9 /* HomeScreenViewController.swift in Sources */ = {isa = PBXBuildFile; fileRef = 596F4FC4283FB872008CA0E9 /* HomeScreenViewController.swift */; };
		596F4FC9283FBAD2008CA0E9 /* BrandsCollectionViewCell.swift in Sources */ = {isa = PBXBuildFile; fileRef = 596F4FC7283FBAD2008CA0E9 /* BrandsCollectionViewCell.swift */; };
		596F4FCA283FBAD2008CA0E9 /* BrandsCollectionViewCell.xib in Resources */ = {isa = PBXBuildFile; fileRef = 596F4FC8283FBAD2008CA0E9 /* BrandsCollectionViewCell.xib */; };
		596F4FEF2840DDE0008CA0E9 /* MyAccountScreen.storyboard in Resources */ = {isa = PBXBuildFile; fileRef = 596F4FEE2840DDE0008CA0E9 /* MyAccountScreen.storyboard */; };
		596F4FF72840DEFE008CA0E9 /* OrderDetailsTableViewCell.swift in Sources */ = {isa = PBXBuildFile; fileRef = 596F4FF52840DEFE008CA0E9 /* OrderDetailsTableViewCell.swift */; };
		596F4FF82840DEFE008CA0E9 /* OrderDetailsTableViewCell.xib in Resources */ = {isa = PBXBuildFile; fileRef = 596F4FF62840DEFE008CA0E9 /* OrderDetailsTableViewCell.xib */; };
		596F4FFD2840DFAD008CA0E9 /* MyAccountViewController.swift in Sources */ = {isa = PBXBuildFile; fileRef = 596F4FFC2840DFAC008CA0E9 /* MyAccountViewController.swift */; };
		596F4FFF2840DFC2008CA0E9 /* MyOrdersViewController.swift in Sources */ = {isa = PBXBuildFile; fileRef = 596F4FFE2840DFC2008CA0E9 /* MyOrdersViewController.swift */; };
		596F50012840DFD4008CA0E9 /* MyAddressesViewController.swift in Sources */ = {isa = PBXBuildFile; fileRef = 596F50002840DFD4008CA0E9 /* MyAddressesViewController.swift */; };
		596F50032840DFEC008CA0E9 /* OrderDetailsViewController.swift in Sources */ = {isa = PBXBuildFile; fileRef = 596F50022840DFEC008CA0E9 /* OrderDetailsViewController.swift */; };
		596F500A2840E04D008CA0E9 /* MyOrderTableViewCell.swift in Sources */ = {isa = PBXBuildFile; fileRef = 596F50082840E04D008CA0E9 /* MyOrderTableViewCell.swift */; };
		596F500B2840E04D008CA0E9 /* MyOrderTableViewCell.xib in Resources */ = {isa = PBXBuildFile; fileRef = 596F50092840E04D008CA0E9 /* MyOrderTableViewCell.xib */; };
		596F500E2840E064008CA0E9 /* MyAddressTableViewCell.swift in Sources */ = {isa = PBXBuildFile; fileRef = 596F500C2840E064008CA0E9 /* MyAddressTableViewCell.swift */; };
		596F500F2840E064008CA0E9 /* MyAddressTableViewCell.xib in Resources */ = {isa = PBXBuildFile; fileRef = 596F500D2840E064008CA0E9 /* MyAddressTableViewCell.xib */; };
		59BE6E55284A8E09002FAAFC /* HomeScreenViewModel.swift in Sources */ = {isa = PBXBuildFile; fileRef = 59BE6E54284A8E09002FAAFC /* HomeScreenViewModel.swift */; };
		59BE6E59284A9BF5002FAAFC /* Categories.swift in Sources */ = {isa = PBXBuildFile; fileRef = 59BE6E58284A9BF5002FAAFC /* Categories.swift */; };
		59BE6E5B284AA72F002FAAFC /* HomeResponse.swift in Sources */ = {isa = PBXBuildFile; fileRef = 59BE6E5A284AA72F002FAAFC /* HomeResponse.swift */; };
		59BE6E5E284B6EBB002FAAFC /* UserDefaults.swift in Sources */ = {isa = PBXBuildFile; fileRef = 59BE6E5D284B6EBB002FAAFC /* UserDefaults.swift */; };
		59BE6E61284B8CC3002FAAFC /* SplashScreenViewModel.swift in Sources */ = {isa = PBXBuildFile; fileRef = 59BE6E60284B8CC3002FAAFC /* SplashScreenViewModel.swift */; };
		59BE6E63284BCF31002FAAFC /* splash.json in Resources */ = {isa = PBXBuildFile; fileRef = 59BE6E62284BCF31002FAAFC /* splash.json */; };
		59F0D5F328419934003F9C96 /* AllProductsCollectionViewCell.swift in Sources */ = {isa = PBXBuildFile; fileRef = 59F0D5F228419934003F9C96 /* AllProductsCollectionViewCell.swift */; };
		59F0D5F5284199C2003F9C96 /* AllProductsViewController.swift in Sources */ = {isa = PBXBuildFile; fileRef = 59F0D5F4284199C2003F9C96 /* AllProductsViewController.swift */; };
		59F0D5F728419A20003F9C96 /* ProductDetailsViewController.swift in Sources */ = {isa = PBXBuildFile; fileRef = 59F0D5F628419A20003F9C96 /* ProductDetailsViewController.swift */; };
		59F0D5F928419A3F003F9C96 /* ProductPhotosCollectionViewCell.swift in Sources */ = {isa = PBXBuildFile; fileRef = 59F0D5F828419A3F003F9C96 /* ProductPhotosCollectionViewCell.swift */; };
		59F0D5FB28419A56003F9C96 /* Products.storyboard in Resources */ = {isa = PBXBuildFile; fileRef = 59F0D5FA28419A56003F9C96 /* Products.storyboard */; };
		59F20646283E6ACA00E12D88 /* SplashScreen.storyboard in Resources */ = {isa = PBXBuildFile; fileRef = 59F20645283E6ACA00E12D88 /* SplashScreen.storyboard */; };
		59F2064B283E6C3C00E12D88 /* HomeScreen.storyboard in Resources */ = {isa = PBXBuildFile; fileRef = 59F2064A283E6C3C00E12D88 /* HomeScreen.storyboard */; };
		59F2064E283E6CD000E12D88 /* SplashScreenViewController.swift in Sources */ = {isa = PBXBuildFile; fileRef = 59F2064D283E6CD000E12D88 /* SplashScreenViewController.swift */; };
		59F20650283E6EA700E12D88 /* OnBoardingViewController.swift in Sources */ = {isa = PBXBuildFile; fileRef = 59F2064F283E6EA700E12D88 /* OnBoardingViewController.swift */; };
		59F20652283E6EEA00E12D88 /* GetStartedViewController.swift in Sources */ = {isa = PBXBuildFile; fileRef = 59F20651283E6EEA00E12D88 /* GetStartedViewController.swift */; };
		59F20657283E73BB00E12D88 /* UIView+Extention.swift in Sources */ = {isa = PBXBuildFile; fileRef = 59F20656283E73BB00E12D88 /* UIView+Extention.swift */; };
		59F2065F283E7C6600E12D88 /* OnBoardingCollectionViewCell.swift in Sources */ = {isa = PBXBuildFile; fileRef = 59F2065D283E7C6600E12D88 /* OnBoardingCollectionViewCell.swift */; };
		59F20660283E7C6600E12D88 /* OnBoardingCollectionViewCell.xib in Resources */ = {isa = PBXBuildFile; fileRef = 59F2065E283E7C6600E12D88 /* OnBoardingCollectionViewCell.xib */; };
		944397F4C9AD8E18D82E8C5B /* Pods_InStore.framework in Frameworks */ = {isa = PBXBuildFile; fileRef = 7315BC62548B15AA6BEE7447 /* Pods_InStore.framework */; };
		B656DFC6283EF1290043FCF7 /* CardViewController.swift in Sources */ = {isa = PBXBuildFile; fileRef = B656DFC5283EF1290043FCF7 /* CardViewController.swift */; };
		B656DFC8283EF1600043FCF7 /* CardTableViewCell.swift in Sources */ = {isa = PBXBuildFile; fileRef = B656DFC7283EF1600043FCF7 /* CardTableViewCell.swift */; };
		B656DFCC283EF1C20043FCF7 /* Card.storyboard in Resources */ = {isa = PBXBuildFile; fileRef = B656DFCB283EF1C20043FCF7 /* Card.storyboard */; };
		B656DFD0283EF3C60043FCF7 /* confirm_order_anim.json in Resources */ = {isa = PBXBuildFile; fileRef = B656DFCF283EF3C50043FCF7 /* confirm_order_anim.json */; };
		B6943D5E284B74F8008315DA /* DiscountCodes.swift in Sources */ = {isa = PBXBuildFile; fileRef = B6943D5D284B74F8008315DA /* DiscountCodes.swift */; };
		B69EF912284A278B00A7D7EC /* CartScreenViewModel.swift in Sources */ = {isa = PBXBuildFile; fileRef = B69EF911284A278B00A7D7EC /* CartScreenViewModel.swift */; };
		B69EF918284AD8F200A7D7EC /* PaymentViewModel.swift in Sources */ = {isa = PBXBuildFile; fileRef = B69EF917284AD8F200A7D7EC /* PaymentViewModel.swift */; };
		B69EF91A284ADEA200A7D7EC /* Order.swift in Sources */ = {isa = PBXBuildFile; fileRef = B69EF919284ADEA200A7D7EC /* Order.swift */; };
		B6C78E532848A056002810FD /* Product.swift in Sources */ = {isa = PBXBuildFile; fileRef = B6C78E522848A056002810FD /* Product.swift */; };
		B6C78E572848CCCD002810FD /* AddAddressViewModel.swift in Sources */ = {isa = PBXBuildFile; fileRef = B6C78E562848CCCD002810FD /* AddAddressViewModel.swift */; };
		B6C78E5928491DEE002810FD /* ErrorModel.swift in Sources */ = {isa = PBXBuildFile; fileRef = B6C78E5828491DEE002810FD /* ErrorModel.swift */; };
		B6C78E5C28495AD6002810FD /* ChooseAddressViewModel.swift in Sources */ = {isa = PBXBuildFile; fileRef = B6C78E5B28495AD6002810FD /* ChooseAddressViewModel.swift */; };
		B6CD9733284149C3001E7FF5 /* PaymentViewController.swift in Sources */ = {isa = PBXBuildFile; fileRef = B6CD9732284149C3001E7FF5 /* PaymentViewController.swift */; };
/* End PBXBuildFile section */

/* Begin PBXContainerItemProxy section */
		048B3F58283CD23C00CEF8D0 /* PBXContainerItemProxy */ = {
			isa = PBXContainerItemProxy;
			containerPortal = 048B3F36283CD23A00CEF8D0 /* Project object */;
			proxyType = 1;
			remoteGlobalIDString = 048B3F3D283CD23A00CEF8D0;
			remoteInfo = InStore;
		};
/* End PBXContainerItemProxy section */

/* Begin PBXFileReference section */
		04071ED52848B13900942AE2 /* RegisterViewModel.swift */ = {isa = PBXFileReference; lastKnownFileType = sourcecode.swift; path = RegisterViewModel.swift; sourceTree = "<group>"; };
		04071ED72848B16100942AE2 /* RegisterViewModelProtocol.swift */ = {isa = PBXFileReference; lastKnownFileType = sourcecode.swift; path = RegisterViewModelProtocol.swift; sourceTree = "<group>"; };
		040B399F284A1CDD000EA9FE /* LoginViewModel.swift */ = {isa = PBXFileReference; lastKnownFileType = sourcecode.swift; path = LoginViewModel.swift; sourceTree = "<group>"; };
		040B39A2284A1CFD000EA9FE /* LoginViewModelProtocol.swift */ = {isa = PBXFileReference; lastKnownFileType = sourcecode.swift; path = LoginViewModelProtocol.swift; sourceTree = "<group>"; };
		042EE89E2844A062004ECD9A /* FilterCell.swift */ = {isa = PBXFileReference; lastKnownFileType = sourcecode.swift; path = FilterCell.swift; sourceTree = "<group>"; };
		042EE89F2844A062004ECD9A /* FilterCell.xib */ = {isa = PBXFileReference; lastKnownFileType = file.xib; path = FilterCell.xib; sourceTree = "<group>"; };
		043702ED284ACC730071C9C1 /* UILabel+Extension.swift */ = {isa = PBXFileReference; lastKnownFileType = sourcecode.swift; path = "UILabel+Extension.swift"; sourceTree = "<group>"; };
		044C2D552844DC8F00A4943F /* CheckboxButton.swift */ = {isa = PBXFileReference; lastKnownFileType = sourcecode.swift; path = CheckboxButton.swift; sourceTree = "<group>"; };
		044E7F1F283DE7E80078CA50 /* UserAuthentication.storyboard */ = {isa = PBXFileReference; lastKnownFileType = file.storyboard; path = UserAuthentication.storyboard; sourceTree = "<group>"; };
		04530B8B2847BC040064149C /* Customer.swift */ = {isa = PBXFileReference; lastKnownFileType = sourcecode.swift; path = Customer.swift; sourceTree = "<group>"; };
		04530B8D2847BC380064149C /* OnboardingSlide.swift */ = {isa = PBXFileReference; lastKnownFileType = sourcecode.swift; path = OnboardingSlide.swift; sourceTree = "<group>"; };
		04530B902847BC600064149C /* Brand.swift */ = {isa = PBXFileReference; lastKnownFileType = sourcecode.swift; path = Brand.swift; sourceTree = "<group>"; };
		04530B922847BC920064149C /* MockOrder.swift */ = {isa = PBXFileReference; lastKnownFileType = sourcecode.swift; path = MockOrder.swift; sourceTree = "<group>"; };
		04530B942847BCEC0064149C /* APIConstants.swift */ = {isa = PBXFileReference; lastKnownFileType = sourcecode.swift; path = APIConstants.swift; sourceTree = "<group>"; };
		04530B962847BD070064149C /* APIError.swift */ = {isa = PBXFileReference; lastKnownFileType = sourcecode.swift; path = APIError.swift; sourceTree = "<group>"; };
		04530B982847BD200064149C /* EndPoint.swift */ = {isa = PBXFileReference; lastKnownFileType = sourcecode.swift; path = EndPoint.swift; sourceTree = "<group>"; };
		04530B9A2847BD3F0064149C /* APIClient.swift */ = {isa = PBXFileReference; lastKnownFileType = sourcecode.swift; path = APIClient.swift; sourceTree = "<group>"; };
		04530B9F2847BF590064149C /* Repository.swift */ = {isa = PBXFileReference; lastKnownFileType = sourcecode.swift; path = Repository.swift; sourceTree = "<group>"; };
		04530BA12847C2370064149C /* LocalDataSource.swift */ = {isa = PBXFileReference; lastKnownFileType = sourcecode.swift; path = LocalDataSource.swift; sourceTree = "<group>"; };
		04530BA32847C2730064149C /* LocalDataSourceProtocol.swift */ = {isa = PBXFileReference; lastKnownFileType = sourcecode.swift; path = LocalDataSourceProtocol.swift; sourceTree = "<group>"; };
		04530BA52847C2B20064149C /* RepositoryProtocol.swift */ = {isa = PBXFileReference; lastKnownFileType = sourcecode.swift; path = RepositoryProtocol.swift; sourceTree = "<group>"; };
		04530BA728480EE50064149C /* String+Extension.swift */ = {isa = PBXFileReference; lastKnownFileType = sourcecode.swift; path = "String+Extension.swift"; sourceTree = "<group>"; };
		04716B052845257D00472C58 /* AddAddressViewController.swift */ = {isa = PBXFileReference; lastKnownFileType = sourcecode.swift; path = AddAddressViewController.swift; sourceTree = "<group>"; };
		04716B08284525B800472C58 /* AddressesViewController.swift */ = {isa = PBXFileReference; lastKnownFileType = sourcecode.swift; path = AddressesViewController.swift; sourceTree = "<group>"; };
		04716B0A284525D500472C58 /* AddressesTableViewCell.swift */ = {isa = PBXFileReference; lastKnownFileType = sourcecode.swift; path = AddressesTableViewCell.swift; sourceTree = "<group>"; };
		04716B0D2845261900472C58 /* ConfirmOrderViewController.swift */ = {isa = PBXFileReference; lastKnownFileType = sourcecode.swift; path = ConfirmOrderViewController.swift; sourceTree = "<group>"; };
		04716B10284528CA00472C58 /* Wishlist.storyboard */ = {isa = PBXFileReference; lastKnownFileType = file.storyboard; path = Wishlist.storyboard; sourceTree = "<group>"; };
		04716B13284528EB00472C58 /* WishlistViewController.swift */ = {isa = PBXFileReference; lastKnownFileType = sourcecode.swift; path = WishlistViewController.swift; sourceTree = "<group>"; };
		04716B182845295E00472C58 /* WishlistTableViewCell.swift */ = {isa = PBXFileReference; lastKnownFileType = sourcecode.swift; path = WishlistTableViewCell.swift; sourceTree = "<group>"; };
		04716B192845295E00472C58 /* WishlistTableViewCell.xib */ = {isa = PBXFileReference; lastKnownFileType = file.xib; path = WishlistTableViewCell.xib; sourceTree = "<group>"; };
		04716B1E284529C500472C58 /* SuggestedCollectionViewCell.swift */ = {isa = PBXFileReference; lastKnownFileType = sourcecode.swift; path = SuggestedCollectionViewCell.swift; sourceTree = "<group>"; };
		04716B1F284529C500472C58 /* SuggestedCollectionViewCell.xib */ = {isa = PBXFileReference; lastKnownFileType = file.xib; path = SuggestedCollectionViewCell.xib; sourceTree = "<group>"; };
		04716B2228452E0600472C58 /* RegisterViewController.swift */ = {isa = PBXFileReference; fileEncoding = 4; lastKnownFileType = sourcecode.swift; path = RegisterViewController.swift; sourceTree = "<group>"; };
		0476F039284ADB45006EEDE2 /* ProductDetailsViewModel.swift */ = {isa = PBXFileReference; lastKnownFileType = sourcecode.swift; path = ProductDetailsViewModel.swift; sourceTree = "<group>"; };
		0476F03B284ADB50006EEDE2 /* ProductDetailsViewModelProtocol.swift */ = {isa = PBXFileReference; lastKnownFileType = sourcecode.swift; path = ProductDetailsViewModelProtocol.swift; sourceTree = "<group>"; };
		04889DBB284A993D00992A74 /* AllProductsViewModel.swift */ = {isa = PBXFileReference; lastKnownFileType = sourcecode.swift; path = AllProductsViewModel.swift; sourceTree = "<group>"; };
		04889DBD284A994900992A74 /* AllProductsViewModelProtocol.swift */ = {isa = PBXFileReference; lastKnownFileType = sourcecode.swift; path = AllProductsViewModelProtocol.swift; sourceTree = "<group>"; };
		048B3F3E283CD23A00CEF8D0 /* InStore.app */ = {isa = PBXFileReference; explicitFileType = wrapper.application; includeInIndex = 0; path = InStore.app; sourceTree = BUILT_PRODUCTS_DIR; };
		048B3F41283CD23A00CEF8D0 /* AppDelegate.swift */ = {isa = PBXFileReference; lastKnownFileType = sourcecode.swift; path = AppDelegate.swift; sourceTree = "<group>"; };
		048B3F43283CD23A00CEF8D0 /* SceneDelegate.swift */ = {isa = PBXFileReference; lastKnownFileType = sourcecode.swift; path = SceneDelegate.swift; sourceTree = "<group>"; };
		048B3F45283CD23A00CEF8D0 /* LoginViewController.swift */ = {isa = PBXFileReference; lastKnownFileType = sourcecode.swift; name = LoginViewController.swift; path = InStore/View/UserAuthentication/Login/LoginViewController.swift; sourceTree = SOURCE_ROOT; };
		048B3F48283CD23A00CEF8D0 /* Base */ = {isa = PBXFileReference; lastKnownFileType = file.storyboard; name = Base; path = Base.lproj/Main.storyboard; sourceTree = "<group>"; };
		048B3F4B283CD23A00CEF8D0 /* InStore.xcdatamodel */ = {isa = PBXFileReference; lastKnownFileType = wrapper.xcdatamodel; path = InStore.xcdatamodel; sourceTree = "<group>"; };
		048B3F4D283CD23C00CEF8D0 /* Assets.xcassets */ = {isa = PBXFileReference; lastKnownFileType = folder.assetcatalog; path = Assets.xcassets; sourceTree = "<group>"; };
		048B3F50283CD23C00CEF8D0 /* Base */ = {isa = PBXFileReference; lastKnownFileType = file.storyboard; name = Base; path = Base.lproj/LaunchScreen.storyboard; sourceTree = "<group>"; };
		048B3F52283CD23C00CEF8D0 /* Info.plist */ = {isa = PBXFileReference; lastKnownFileType = text.plist.xml; path = Info.plist; sourceTree = "<group>"; };
		048B3F57283CD23C00CEF8D0 /* InStoreTests.xctest */ = {isa = PBXFileReference; explicitFileType = wrapper.cfbundle; includeInIndex = 0; path = InStoreTests.xctest; sourceTree = BUILT_PRODUCTS_DIR; };
		048B3F5B283CD23C00CEF8D0 /* InStoreTests.swift */ = {isa = PBXFileReference; lastKnownFileType = sourcecode.swift; path = InStoreTests.swift; sourceTree = "<group>"; };
		048B3F5D283CD23C00CEF8D0 /* Info.plist */ = {isa = PBXFileReference; lastKnownFileType = text.plist.xml; path = Info.plist; sourceTree = "<group>"; };
		048C1E002842F91100E4F512 /* Constants.swift */ = {isa = PBXFileReference; lastKnownFileType = sourcecode.swift; path = Constants.swift; sourceTree = "<group>"; };
		04A7FD6A2842DFA2008467E2 /* FilterViewController.swift */ = {isa = PBXFileReference; lastKnownFileType = sourcecode.swift; path = FilterViewController.swift; sourceTree = "<group>"; };
		04A7FD6D2842E32C008467E2 /* CustomVisualEffectView.swift */ = {isa = PBXFileReference; lastKnownFileType = sourcecode.swift; path = CustomVisualEffectView.swift; sourceTree = "<group>"; };
		06BDC523D28EB8445EA58A1F /* Pods-InStore.debug.xcconfig */ = {isa = PBXFileReference; includeInIndex = 1; lastKnownFileType = text.xcconfig; name = "Pods-InStore.debug.xcconfig"; path = "Target Support Files/Pods-InStore/Pods-InStore.debug.xcconfig"; sourceTree = "<group>"; };
		1AF50FCA7EA54DD3BC1A65EF /* Pods_InStoreTests.framework */ = {isa = PBXFileReference; explicitFileType = wrapper.framework; includeInIndex = 0; path = Pods_InStoreTests.framework; sourceTree = BUILT_PRODUCTS_DIR; };
		1D5AE28203605372D3A4460C /* Pods-InStoreTests.release.xcconfig */ = {isa = PBXFileReference; includeInIndex = 1; lastKnownFileType = text.xcconfig; name = "Pods-InStoreTests.release.xcconfig"; path = "Target Support Files/Pods-InStoreTests/Pods-InStoreTests.release.xcconfig"; sourceTree = "<group>"; };
		592229EE2848B0330057CCCB /* MyAccountViewModel.swift */ = {isa = PBXFileReference; lastKnownFileType = sourcecode.swift; path = MyAccountViewModel.swift; sourceTree = "<group>"; };
		592229F02848D1A50057CCCB /* State.swift */ = {isa = PBXFileReference; lastKnownFileType = sourcecode.swift; path = State.swift; sourceTree = "<group>"; };
		592229F3284901B60057CCCB /* MyAddressesViewModel.swift */ = {isa = PBXFileReference; lastKnownFileType = sourcecode.swift; path = MyAddressesViewModel.swift; sourceTree = "<group>"; };
		596F4FC1283FA43B008CA0E9 /* UITextField+Extention.swift */ = {isa = PBXFileReference; lastKnownFileType = sourcecode.swift; path = "UITextField+Extention.swift"; sourceTree = "<group>"; };
		596F4FC4283FB872008CA0E9 /* HomeScreenViewController.swift */ = {isa = PBXFileReference; lastKnownFileType = sourcecode.swift; path = HomeScreenViewController.swift; sourceTree = "<group>"; };
		596F4FC7283FBAD2008CA0E9 /* BrandsCollectionViewCell.swift */ = {isa = PBXFileReference; lastKnownFileType = sourcecode.swift; path = BrandsCollectionViewCell.swift; sourceTree = "<group>"; };
		596F4FC8283FBAD2008CA0E9 /* BrandsCollectionViewCell.xib */ = {isa = PBXFileReference; lastKnownFileType = file.xib; path = BrandsCollectionViewCell.xib; sourceTree = "<group>"; };
		596F4FEE2840DDE0008CA0E9 /* MyAccountScreen.storyboard */ = {isa = PBXFileReference; lastKnownFileType = file.storyboard; path = MyAccountScreen.storyboard; sourceTree = "<group>"; };
		596F4FF52840DEFE008CA0E9 /* OrderDetailsTableViewCell.swift */ = {isa = PBXFileReference; lastKnownFileType = sourcecode.swift; path = OrderDetailsTableViewCell.swift; sourceTree = "<group>"; };
		596F4FF62840DEFE008CA0E9 /* OrderDetailsTableViewCell.xib */ = {isa = PBXFileReference; lastKnownFileType = file.xib; path = OrderDetailsTableViewCell.xib; sourceTree = "<group>"; };
		596F4FFC2840DFAC008CA0E9 /* MyAccountViewController.swift */ = {isa = PBXFileReference; lastKnownFileType = sourcecode.swift; path = MyAccountViewController.swift; sourceTree = "<group>"; };
		596F4FFE2840DFC2008CA0E9 /* MyOrdersViewController.swift */ = {isa = PBXFileReference; lastKnownFileType = sourcecode.swift; path = MyOrdersViewController.swift; sourceTree = "<group>"; };
		596F50002840DFD4008CA0E9 /* MyAddressesViewController.swift */ = {isa = PBXFileReference; lastKnownFileType = sourcecode.swift; path = MyAddressesViewController.swift; sourceTree = "<group>"; };
		596F50022840DFEC008CA0E9 /* OrderDetailsViewController.swift */ = {isa = PBXFileReference; lastKnownFileType = sourcecode.swift; path = OrderDetailsViewController.swift; sourceTree = "<group>"; };
		596F50082840E04D008CA0E9 /* MyOrderTableViewCell.swift */ = {isa = PBXFileReference; lastKnownFileType = sourcecode.swift; path = MyOrderTableViewCell.swift; sourceTree = "<group>"; };
		596F50092840E04D008CA0E9 /* MyOrderTableViewCell.xib */ = {isa = PBXFileReference; lastKnownFileType = file.xib; path = MyOrderTableViewCell.xib; sourceTree = "<group>"; };
		596F500C2840E064008CA0E9 /* MyAddressTableViewCell.swift */ = {isa = PBXFileReference; lastKnownFileType = sourcecode.swift; path = MyAddressTableViewCell.swift; sourceTree = "<group>"; };
		596F500D2840E064008CA0E9 /* MyAddressTableViewCell.xib */ = {isa = PBXFileReference; lastKnownFileType = file.xib; path = MyAddressTableViewCell.xib; sourceTree = "<group>"; };
		59BE6E54284A8E09002FAAFC /* HomeScreenViewModel.swift */ = {isa = PBXFileReference; lastKnownFileType = sourcecode.swift; path = HomeScreenViewModel.swift; sourceTree = "<group>"; };
		59BE6E56284A9043002FAAFC /* DiscountCodes.swift */ = {isa = PBXFileReference; lastKnownFileType = sourcecode.swift; path = DiscountCodes.swift; sourceTree = "<group>"; };
		59BE6E58284A9BF5002FAAFC /* Categories.swift */ = {isa = PBXFileReference; lastKnownFileType = sourcecode.swift; path = Categories.swift; sourceTree = "<group>"; };
		59BE6E5A284AA72F002FAAFC /* HomeResponse.swift */ = {isa = PBXFileReference; lastKnownFileType = sourcecode.swift; path = HomeResponse.swift; sourceTree = "<group>"; };
		59BE6E5D284B6EBB002FAAFC /* UserDefaults.swift */ = {isa = PBXFileReference; lastKnownFileType = sourcecode.swift; path = UserDefaults.swift; sourceTree = "<group>"; };
		59BE6E60284B8CC3002FAAFC /* SplashScreenViewModel.swift */ = {isa = PBXFileReference; lastKnownFileType = sourcecode.swift; path = SplashScreenViewModel.swift; sourceTree = "<group>"; };
		59BE6E62284BCF31002FAAFC /* splash.json */ = {isa = PBXFileReference; fileEncoding = 4; lastKnownFileType = text.json; path = splash.json; sourceTree = "<group>"; };
		59F0D5F228419934003F9C96 /* AllProductsCollectionViewCell.swift */ = {isa = PBXFileReference; lastKnownFileType = sourcecode.swift; path = AllProductsCollectionViewCell.swift; sourceTree = "<group>"; };
		59F0D5F4284199C2003F9C96 /* AllProductsViewController.swift */ = {isa = PBXFileReference; lastKnownFileType = sourcecode.swift; path = AllProductsViewController.swift; sourceTree = "<group>"; };
		59F0D5F628419A20003F9C96 /* ProductDetailsViewController.swift */ = {isa = PBXFileReference; lastKnownFileType = sourcecode.swift; path = ProductDetailsViewController.swift; sourceTree = "<group>"; };
		59F0D5F828419A3F003F9C96 /* ProductPhotosCollectionViewCell.swift */ = {isa = PBXFileReference; lastKnownFileType = sourcecode.swift; path = ProductPhotosCollectionViewCell.swift; sourceTree = "<group>"; };
		59F0D5FA28419A56003F9C96 /* Products.storyboard */ = {isa = PBXFileReference; lastKnownFileType = file.storyboard; path = Products.storyboard; sourceTree = "<group>"; };
		59F20645283E6ACA00E12D88 /* SplashScreen.storyboard */ = {isa = PBXFileReference; lastKnownFileType = file.storyboard; path = SplashScreen.storyboard; sourceTree = "<group>"; };
		59F2064A283E6C3C00E12D88 /* HomeScreen.storyboard */ = {isa = PBXFileReference; lastKnownFileType = file.storyboard; path = HomeScreen.storyboard; sourceTree = "<group>"; };
		59F2064D283E6CD000E12D88 /* SplashScreenViewController.swift */ = {isa = PBXFileReference; lastKnownFileType = sourcecode.swift; path = SplashScreenViewController.swift; sourceTree = "<group>"; };
		59F2064F283E6EA700E12D88 /* OnBoardingViewController.swift */ = {isa = PBXFileReference; lastKnownFileType = sourcecode.swift; path = OnBoardingViewController.swift; sourceTree = "<group>"; };
		59F20651283E6EEA00E12D88 /* GetStartedViewController.swift */ = {isa = PBXFileReference; lastKnownFileType = sourcecode.swift; path = GetStartedViewController.swift; sourceTree = "<group>"; };
		59F20656283E73BB00E12D88 /* UIView+Extention.swift */ = {isa = PBXFileReference; lastKnownFileType = sourcecode.swift; path = "UIView+Extention.swift"; sourceTree = "<group>"; };
		59F2065D283E7C6600E12D88 /* OnBoardingCollectionViewCell.swift */ = {isa = PBXFileReference; lastKnownFileType = sourcecode.swift; path = OnBoardingCollectionViewCell.swift; sourceTree = "<group>"; };
		59F2065E283E7C6600E12D88 /* OnBoardingCollectionViewCell.xib */ = {isa = PBXFileReference; lastKnownFileType = file.xib; path = OnBoardingCollectionViewCell.xib; sourceTree = "<group>"; };
		695AE2BF82C757218FF03BA1 /* Pods-InStoreTests.debug.xcconfig */ = {isa = PBXFileReference; includeInIndex = 1; lastKnownFileType = text.xcconfig; name = "Pods-InStoreTests.debug.xcconfig"; path = "Target Support Files/Pods-InStoreTests/Pods-InStoreTests.debug.xcconfig"; sourceTree = "<group>"; };
		7315BC62548B15AA6BEE7447 /* Pods_InStore.framework */ = {isa = PBXFileReference; explicitFileType = wrapper.framework; includeInIndex = 0; path = Pods_InStore.framework; sourceTree = BUILT_PRODUCTS_DIR; };
		B656DFC5283EF1290043FCF7 /* CardViewController.swift */ = {isa = PBXFileReference; lastKnownFileType = sourcecode.swift; path = CardViewController.swift; sourceTree = "<group>"; };
		B656DFC7283EF1600043FCF7 /* CardTableViewCell.swift */ = {isa = PBXFileReference; lastKnownFileType = sourcecode.swift; path = CardTableViewCell.swift; sourceTree = "<group>"; };
		B656DFCB283EF1C20043FCF7 /* Card.storyboard */ = {isa = PBXFileReference; lastKnownFileType = file.storyboard; path = Card.storyboard; sourceTree = "<group>"; };
		B656DFCF283EF3C50043FCF7 /* confirm_order_anim.json */ = {isa = PBXFileReference; fileEncoding = 4; lastKnownFileType = text.json; path = confirm_order_anim.json; sourceTree = "<group>"; };
		B6943D5D284B74F8008315DA /* DiscountCodes.swift */ = {isa = PBXFileReference; lastKnownFileType = sourcecode.swift; path = DiscountCodes.swift; sourceTree = "<group>"; };
		B69EF911284A278B00A7D7EC /* CartScreenViewModel.swift */ = {isa = PBXFileReference; lastKnownFileType = sourcecode.swift; path = CartScreenViewModel.swift; sourceTree = "<group>"; };
		B69EF917284AD8F200A7D7EC /* PaymentViewModel.swift */ = {isa = PBXFileReference; lastKnownFileType = sourcecode.swift; path = PaymentViewModel.swift; sourceTree = "<group>"; };
		B69EF919284ADEA200A7D7EC /* Order.swift */ = {isa = PBXFileReference; lastKnownFileType = sourcecode.swift; path = Order.swift; sourceTree = "<group>"; };
		B6C78E522848A056002810FD /* Product.swift */ = {isa = PBXFileReference; lastKnownFileType = sourcecode.swift; path = Product.swift; sourceTree = "<group>"; };
		B6C78E562848CCCD002810FD /* AddAddressViewModel.swift */ = {isa = PBXFileReference; lastKnownFileType = sourcecode.swift; path = AddAddressViewModel.swift; sourceTree = "<group>"; };
		B6C78E5828491DEE002810FD /* ErrorModel.swift */ = {isa = PBXFileReference; lastKnownFileType = sourcecode.swift; path = ErrorModel.swift; sourceTree = "<group>"; };
		B6C78E5B28495AD6002810FD /* ChooseAddressViewModel.swift */ = {isa = PBXFileReference; lastKnownFileType = sourcecode.swift; path = ChooseAddressViewModel.swift; sourceTree = "<group>"; };
		B6CD9732284149C3001E7FF5 /* PaymentViewController.swift */ = {isa = PBXFileReference; lastKnownFileType = sourcecode.swift; path = PaymentViewController.swift; sourceTree = "<group>"; };
		B6EC19162844AB6300D4007B /* SuggestedCollectionViewCell.xib */ = {isa = PBXFileReference; lastKnownFileType = file.xib; path = SuggestedCollectionViewCell.xib; sourceTree = "<group>"; };
		B6EDC3F52844164200BE0193 /* Wishlist.storyboard */ = {isa = PBXFileReference; lastKnownFileType = file.storyboard; path = Wishlist.storyboard; sourceTree = "<group>"; };
		B6EDC3FA284435DA00BE0193 /* WishlistTableViewCell.xib */ = {isa = PBXFileReference; lastKnownFileType = file.xib; path = WishlistTableViewCell.xib; sourceTree = "<group>"; };
		FB4234B27298C048DF342585 /* Pods-InStore.release.xcconfig */ = {isa = PBXFileReference; includeInIndex = 1; lastKnownFileType = text.xcconfig; name = "Pods-InStore.release.xcconfig"; path = "Target Support Files/Pods-InStore/Pods-InStore.release.xcconfig"; sourceTree = "<group>"; };
/* End PBXFileReference section */

/* Begin PBXFrameworksBuildPhase section */
		048B3F3B283CD23A00CEF8D0 /* Frameworks */ = {
			isa = PBXFrameworksBuildPhase;
			buildActionMask = 2147483647;
			files = (
				944397F4C9AD8E18D82E8C5B /* Pods_InStore.framework in Frameworks */,
			);
			runOnlyForDeploymentPostprocessing = 0;
		};
		048B3F54283CD23C00CEF8D0 /* Frameworks */ = {
			isa = PBXFrameworksBuildPhase;
			buildActionMask = 2147483647;
			files = (
				49321410990E3EE85250171A /* Pods_InStoreTests.framework in Frameworks */,
			);
			runOnlyForDeploymentPostprocessing = 0;
		};
/* End PBXFrameworksBuildPhase section */

/* Begin PBXGroup section */
		042EE89D2844A038004ECD9A /* filterCell */ = {
			isa = PBXGroup;
			children = (
				042EE89E2844A062004ECD9A /* FilterCell.swift */,
				042EE89F2844A062004ECD9A /* FilterCell.xib */,
			);
			path = filterCell;
			sourceTree = "<group>";
		};
		044C2D572844DCE000A4943F /* FilterViewController */ = {
			isa = PBXGroup;
			children = (
				04A7FD6A2842DFA2008467E2 /* FilterViewController.swift */,
			);
			path = FilterViewController;
			sourceTree = "<group>";
		};
		044E7F18283DE5F60078CA50 /* UserAuthentication */ = {
			isa = PBXGroup;
			children = (
				044E7F1F283DE7E80078CA50 /* UserAuthentication.storyboard */,
				044E7F1C283DE6540078CA50 /* Register */,
				044E7F1B283DE64A0078CA50 /* Login */,
			);
			path = UserAuthentication;
			sourceTree = "<group>";
		};
		044E7F1B283DE64A0078CA50 /* Login */ = {
			isa = PBXGroup;
			children = (
				048B3F45283CD23A00CEF8D0 /* LoginViewController.swift */,
			);
			path = Login;
			sourceTree = "<group>";
		};
		044E7F1C283DE6540078CA50 /* Register */ = {
			isa = PBXGroup;
			children = (
				04716B2228452E0600472C58 /* RegisterViewController.swift */,
			);
			path = Register;
			sourceTree = "<group>";
		};
		04530B872847BB9D0064149C /* Model */ = {
			isa = PBXGroup;
			children = (
				04530B8B2847BC040064149C /* Customer.swift */,
				04530B8D2847BC380064149C /* OnboardingSlide.swift */,
				04530B902847BC600064149C /* Brand.swift */,
				04530B922847BC920064149C /* MockOrder.swift */,
				592229F02848D1A50057CCCB /* State.swift */,
				B6C78E522848A056002810FD /* Product.swift */,
				B6C78E5828491DEE002810FD /* ErrorModel.swift */,
				59BE6E5A284AA72F002FAAFC /* HomeResponse.swift */,
				B69EF919284ADEA200A7D7EC /* Order.swift */,
				B6943D5D284B74F8008315DA /* DiscountCodes.swift */,
			);
			path = Model;
			sourceTree = "<group>";
		};
		04530B882847BBA40064149C /* Repository */ = {
			isa = PBXGroup;
			children = (
				04530B9F2847BF590064149C /* Repository.swift */,
				04530BA52847C2B20064149C /* RepositoryProtocol.swift */,
			);
			path = Repository;
			sourceTree = "<group>";
		};
		04530B892847BBE80064149C /* Database */ = {
			isa = PBXGroup;
			children = (
				04530BA12847C2370064149C /* LocalDataSource.swift */,
				04530BA32847C2730064149C /* LocalDataSourceProtocol.swift */,
			);
			path = Database;
			sourceTree = "<group>";
		};
		04530B8A2847BBF20064149C /* Service */ = {
			isa = PBXGroup;
			children = (
				04530B942847BCEC0064149C /* APIConstants.swift */,
				04530B962847BD070064149C /* APIError.swift */,
				04530B982847BD200064149C /* EndPoint.swift */,
				04530B9A2847BD3F0064149C /* APIClient.swift */,
			);
			path = Service;
			sourceTree = "<group>";
		};
		04716B042845252C00472C58 /* AddAddress */ = {
			isa = PBXGroup;
			children = (
				04716B052845257D00472C58 /* AddAddressViewController.swift */,
			);
			path = AddAddress;
			sourceTree = "<group>";
		};
		04716B072845259F00472C58 /* AdressesScreen */ = {
			isa = PBXGroup;
			children = (
				04716B08284525B800472C58 /* AddressesViewController.swift */,
				04716B0A284525D500472C58 /* AddressesTableViewCell.swift */,
			);
			path = AdressesScreen;
			sourceTree = "<group>";
		};
		04716B0C2845260200472C58 /* ConfirmOrder */ = {
			isa = PBXGroup;
			children = (
				04716B0D2845261900472C58 /* ConfirmOrderViewController.swift */,
			);
			path = ConfirmOrder;
			sourceTree = "<group>";
		};
		04716B0F284528B100472C58 /* WishlistScreen */ = {
			isa = PBXGroup;
			children = (
				04716B152845290600472C58 /* Xibs */,
				04716B12284528D900472C58 /* WishlistScreenView */,
				04716B10284528CA00472C58 /* Wishlist.storyboard */,
			);
			path = WishlistScreen;
			sourceTree = "<group>";
		};
		04716B12284528D900472C58 /* WishlistScreenView */ = {
			isa = PBXGroup;
			children = (
				04716B13284528EB00472C58 /* WishlistViewController.swift */,
			);
			path = WishlistScreenView;
			sourceTree = "<group>";
		};
		04716B152845290600472C58 /* Xibs */ = {
			isa = PBXGroup;
			children = (
				04716B182845295E00472C58 /* WishlistTableViewCell.swift */,
				04716B192845295E00472C58 /* WishlistTableViewCell.xib */,
				04716B1E284529C500472C58 /* SuggestedCollectionViewCell.swift */,
				04716B1F284529C500472C58 /* SuggestedCollectionViewCell.xib */,
			);
			path = Xibs;
			sourceTree = "<group>";
		};
		0476F038284ADB2D006EEDE2 /* ProductDetails */ = {
			isa = PBXGroup;
			children = (
				0476F039284ADB45006EEDE2 /* ProductDetailsViewModel.swift */,
				0476F03B284ADB50006EEDE2 /* ProductDetailsViewModelProtocol.swift */,
			);
			path = ProductDetails;
			sourceTree = "<group>";
		};
		04889DB7284A983800992A74 /* Register */ = {
			isa = PBXGroup;
			children = (
				04071ED52848B13900942AE2 /* RegisterViewModel.swift */,
				04071ED72848B16100942AE2 /* RegisterViewModelProtocol.swift */,
			);
			path = Register;
			sourceTree = "<group>";
		};
		04889DB8284A984400992A74 /* Login */ = {
			isa = PBXGroup;
			children = (
				040B399F284A1CDD000EA9FE /* LoginViewModel.swift */,
				040B39A2284A1CFD000EA9FE /* LoginViewModelProtocol.swift */,
			);
			path = Login;
			sourceTree = "<group>";
		};
		04889DB9284A990B00992A74 /* Products */ = {
			isa = PBXGroup;
			children = (
				0476F038284ADB2D006EEDE2 /* ProductDetails */,
				04889DBA284A991800992A74 /* AllProducts */,
			);
			path = Products;
			sourceTree = "<group>";
		};
		04889DBA284A991800992A74 /* AllProducts */ = {
			isa = PBXGroup;
			children = (
				04889DBB284A993D00992A74 /* AllProductsViewModel.swift */,
				04889DBD284A994900992A74 /* AllProductsViewModelProtocol.swift */,
			);
			path = AllProducts;
			sourceTree = "<group>";
		};
		048B3F35283CD23A00CEF8D0 = {
			isa = PBXGroup;
			children = (
				048B3F40283CD23A00CEF8D0 /* InStore */,
				048B3F5A283CD23C00CEF8D0 /* InStoreTests */,
				048B3F3F283CD23A00CEF8D0 /* Products */,
				4739C1BC3FDA56E3B9AAB9D6 /* Pods */,
				20679023F968D1D6DC36F69E /* Frameworks */,
				04C65E1328460EE50000003C /* Recovered References */,
			);
			sourceTree = "<group>";
		};
		048B3F3F283CD23A00CEF8D0 /* Products */ = {
			isa = PBXGroup;
			children = (
				048B3F3E283CD23A00CEF8D0 /* InStore.app */,
				048B3F57283CD23C00CEF8D0 /* InStoreTests.xctest */,
			);
			name = Products;
			sourceTree = "<group>";
		};
		048B3F40283CD23A00CEF8D0 /* InStore */ = {
			isa = PBXGroup;
			children = (
				59BE6E5C284B6E9D002FAAFC /* UserDefaults */,
				04530B8A2847BBF20064149C /* Service */,
				04530B892847BBE80064149C /* Database */,
				04530B882847BBA40064149C /* Repository */,
				04530B872847BB9D0064149C /* Model */,
				048B3F66283CD28100CEF8D0 /* View */,
				048B3F67283CD28900CEF8D0 /* ViewModel */,
				048B3F6F283CD88600CEF8D0 /* Utilities */,
				048B3F41283CD23A00CEF8D0 /* AppDelegate.swift */,
				048B3F43283CD23A00CEF8D0 /* SceneDelegate.swift */,
				048B3F47283CD23A00CEF8D0 /* Main.storyboard */,
				048B3F4D283CD23C00CEF8D0 /* Assets.xcassets */,
				048B3F4F283CD23C00CEF8D0 /* LaunchScreen.storyboard */,
				048B3F52283CD23C00CEF8D0 /* Info.plist */,
				048B3F4A283CD23A00CEF8D0 /* InStore.xcdatamodeld */,
			);
			path = InStore;
			sourceTree = "<group>";
		};
		048B3F5A283CD23C00CEF8D0 /* InStoreTests */ = {
			isa = PBXGroup;
			children = (
				048B3F5B283CD23C00CEF8D0 /* InStoreTests.swift */,
				048B3F5D283CD23C00CEF8D0 /* Info.plist */,
			);
			path = InStoreTests;
			sourceTree = "<group>";
		};
		048B3F66283CD28100CEF8D0 /* View */ = {
			isa = PBXGroup;
			children = (
				04716B0F284528B100472C58 /* WishlistScreen */,
				59F0D5EF284198C4003F9C96 /* Products */,
				596F4FED2840DDB9008CA0E9 /* MyAccountScreen */,
				B656DFC1283EF0CA0043FCF7 /* Cart */,
				59F20649283E6C2500E12D88 /* HomeScreen */,
				59F20644283E6A9D00E12D88 /* SplashScreen */,
				044E7F18283DE5F60078CA50 /* UserAuthentication */,
			);
			path = View;
			sourceTree = "<group>";
		};
		048B3F67283CD28900CEF8D0 /* ViewModel */ = {
			isa = PBXGroup;
			children = (
				04889DB9284A990B00992A74 /* Products */,
				04DCCB6C284A59A1006BD498 /* UserAuthentication */,
				59BE6E5F284B8CAA002FAAFC /* SplashScreen */,
				59BE6E53284A8D51002FAAFC /* HomeScreen */,
				B6C78E542848CC8E002810FD /* Cart */,
				594C4CE12846C17500EE2BB9 /* MyAccountScreen */,
			);
			path = ViewModel;
			sourceTree = "<group>";
		};
		048B3F6F283CD88600CEF8D0 /* Utilities */ = {
			isa = PBXGroup;
			children = (
				048C1DFF2842F90400E4F512 /* Constants */,
				04A7FD6C2842E302008467E2 /* VisualEffects */,
				B656DFCE283EF38B0043FCF7 /* Animation */,
				59F20655283E735D00E12D88 /* Extentions */,
			);
			path = Utilities;
			sourceTree = "<group>";
		};
		048C1DFF2842F90400E4F512 /* Constants */ = {
			isa = PBXGroup;
			children = (
				048C1E002842F91100E4F512 /* Constants.swift */,
				59BE6E58284A9BF5002FAAFC /* Categories.swift */,
			);
			path = Constants;
			sourceTree = "<group>";
		};
		04A7FD692842DF7E008467E2 /* Filter */ = {
			isa = PBXGroup;
			children = (
				044C2D572844DCE000A4943F /* FilterViewController */,
				042EE89D2844A038004ECD9A /* filterCell */,
			);
			path = Filter;
			sourceTree = "<group>";
		};
		04A7FD6C2842E302008467E2 /* VisualEffects */ = {
			isa = PBXGroup;
			children = (
				04A7FD6D2842E32C008467E2 /* CustomVisualEffectView.swift */,
			);
			path = VisualEffects;
			sourceTree = "<group>";
		};
		04C65E1328460EE50000003C /* Recovered References */ = {
			isa = PBXGroup;
			children = (
				B6EDC3F52844164200BE0193 /* Wishlist.storyboard */,
				B6EC19162844AB6300D4007B /* SuggestedCollectionViewCell.xib */,
				B6EDC3FA284435DA00BE0193 /* WishlistTableViewCell.xib */,
				59BE6E56284A9043002FAAFC /* DiscountCodes.swift */,
			);
			name = "Recovered References";
			sourceTree = "<group>";
		};
		04DCCB6C284A59A1006BD498 /* UserAuthentication */ = {
			isa = PBXGroup;
			children = (
				04889DB8284A984400992A74 /* Login */,
				04889DB7284A983800992A74 /* Register */,
			);
			path = UserAuthentication;
			sourceTree = "<group>";
		};
		20679023F968D1D6DC36F69E /* Frameworks */ = {
			isa = PBXGroup;
			children = (
				7315BC62548B15AA6BEE7447 /* Pods_InStore.framework */,
				1AF50FCA7EA54DD3BC1A65EF /* Pods_InStoreTests.framework */,
			);
			name = Frameworks;
			sourceTree = "<group>";
		};
		4739C1BC3FDA56E3B9AAB9D6 /* Pods */ = {
			isa = PBXGroup;
			children = (
				06BDC523D28EB8445EA58A1F /* Pods-InStore.debug.xcconfig */,
				FB4234B27298C048DF342585 /* Pods-InStore.release.xcconfig */,
				695AE2BF82C757218FF03BA1 /* Pods-InStoreTests.debug.xcconfig */,
				1D5AE28203605372D3A4460C /* Pods-InStoreTests.release.xcconfig */,
			);
			path = Pods;
			sourceTree = "<group>";
		};
		592229ED2848B01F0057CCCB /* MyAccountViewModel */ = {
			isa = PBXGroup;
			children = (
				592229EE2848B0330057CCCB /* MyAccountViewModel.swift */,
			);
			path = MyAccountViewModel;
			sourceTree = "<group>";
		};
		592229F2284901A20057CCCB /* MyAddressesViewModel */ = {
			isa = PBXGroup;
			children = (
				592229F3284901B60057CCCB /* MyAddressesViewModel.swift */,
			);
			path = MyAddressesViewModel;
			sourceTree = "<group>";
		};
		594C4CE12846C17500EE2BB9 /* MyAccountScreen */ = {
			isa = PBXGroup;
			children = (
				592229F2284901A20057CCCB /* MyAddressesViewModel */,
				592229ED2848B01F0057CCCB /* MyAccountViewModel */,
			);
			path = MyAccountScreen;
			sourceTree = "<group>";
		};
		596F4FC3283FB84A008CA0E9 /* HomeScreenView */ = {
			isa = PBXGroup;
			children = (
				596F4FC4283FB872008CA0E9 /* HomeScreenViewController.swift */,
			);
			path = HomeScreenView;
			sourceTree = "<group>";
		};
		596F4FC6283FBAAA008CA0E9 /* Xibs */ = {
			isa = PBXGroup;
			children = (
				596F4FC7283FBAD2008CA0E9 /* BrandsCollectionViewCell.swift */,
				596F4FC8283FBAD2008CA0E9 /* BrandsCollectionViewCell.xib */,
			);
			path = Xibs;
			sourceTree = "<group>";
		};
		596F4FED2840DDB9008CA0E9 /* MyAccountScreen */ = {
			isa = PBXGroup;
			children = (
				596F4FF42840DE91008CA0E9 /* OrderDetailsScreenView */,
				596F4FF32840DE50008CA0E9 /* MyAddressesScreenView */,
				596F4FF22840DE3A008CA0E9 /* MyOrdersScreenView */,
				596F4FF12840DDF1008CA0E9 /* MyAccountScreenView */,
				596F4FF02840DDEB008CA0E9 /* Xibs */,
				596F4FEE2840DDE0008CA0E9 /* MyAccountScreen.storyboard */,
			);
			path = MyAccountScreen;
			sourceTree = "<group>";
		};
		596F4FF02840DDEB008CA0E9 /* Xibs */ = {
			isa = PBXGroup;
			children = (
				596F4FFB2840DF77008CA0E9 /* MyOrders */,
				596F4FFA2840DF23008CA0E9 /* MyAddresses */,
				596F4FF92840DF11008CA0E9 /* OrderDetails */,
			);
			path = Xibs;
			sourceTree = "<group>";
		};
		596F4FF12840DDF1008CA0E9 /* MyAccountScreenView */ = {
			isa = PBXGroup;
			children = (
				596F4FFC2840DFAC008CA0E9 /* MyAccountViewController.swift */,
			);
			path = MyAccountScreenView;
			sourceTree = "<group>";
		};
		596F4FF22840DE3A008CA0E9 /* MyOrdersScreenView */ = {
			isa = PBXGroup;
			children = (
				596F4FFE2840DFC2008CA0E9 /* MyOrdersViewController.swift */,
			);
			path = MyOrdersScreenView;
			sourceTree = "<group>";
		};
		596F4FF32840DE50008CA0E9 /* MyAddressesScreenView */ = {
			isa = PBXGroup;
			children = (
				596F50002840DFD4008CA0E9 /* MyAddressesViewController.swift */,
			);
			path = MyAddressesScreenView;
			sourceTree = "<group>";
		};
		596F4FF42840DE91008CA0E9 /* OrderDetailsScreenView */ = {
			isa = PBXGroup;
			children = (
				596F50022840DFEC008CA0E9 /* OrderDetailsViewController.swift */,
			);
			path = OrderDetailsScreenView;
			sourceTree = "<group>";
		};
		596F4FF92840DF11008CA0E9 /* OrderDetails */ = {
			isa = PBXGroup;
			children = (
				596F4FF52840DEFE008CA0E9 /* OrderDetailsTableViewCell.swift */,
				596F4FF62840DEFE008CA0E9 /* OrderDetailsTableViewCell.xib */,
			);
			path = OrderDetails;
			sourceTree = "<group>";
		};
		596F4FFA2840DF23008CA0E9 /* MyAddresses */ = {
			isa = PBXGroup;
			children = (
				596F500C2840E064008CA0E9 /* MyAddressTableViewCell.swift */,
				596F500D2840E064008CA0E9 /* MyAddressTableViewCell.xib */,
			);
			path = MyAddresses;
			sourceTree = "<group>";
		};
		596F4FFB2840DF77008CA0E9 /* MyOrders */ = {
			isa = PBXGroup;
			children = (
				596F50082840E04D008CA0E9 /* MyOrderTableViewCell.swift */,
				596F50092840E04D008CA0E9 /* MyOrderTableViewCell.xib */,
			);
			path = MyOrders;
			sourceTree = "<group>";
		};
		59BE6E53284A8D51002FAAFC /* HomeScreen */ = {
			isa = PBXGroup;
			children = (
				59BE6E54284A8E09002FAAFC /* HomeScreenViewModel.swift */,
			);
			path = HomeScreen;
			sourceTree = "<group>";
		};
		59BE6E5C284B6E9D002FAAFC /* UserDefaults */ = {
			isa = PBXGroup;
			children = (
				59BE6E5D284B6EBB002FAAFC /* UserDefaults.swift */,
			);
			path = UserDefaults;
			sourceTree = "<group>";
		};
		59BE6E5F284B8CAA002FAAFC /* SplashScreen */ = {
			isa = PBXGroup;
			children = (
				59BE6E60284B8CC3002FAAFC /* SplashScreenViewModel.swift */,
			);
			path = SplashScreen;
			sourceTree = "<group>";
		};
		59F0D5EF284198C4003F9C96 /* Products */ = {
			isa = PBXGroup;
			children = (
				59F0D5FA28419A56003F9C96 /* Products.storyboard */,
				04A7FD692842DF7E008467E2 /* Filter */,
				59F0D5F1284198E6003F9C96 /* ProductDetails */,
				59F0D5F0284198D2003F9C96 /* AllProducts */,
			);
			path = Products;
			sourceTree = "<group>";
		};
		59F0D5F0284198D2003F9C96 /* AllProducts */ = {
			isa = PBXGroup;
			children = (
				59F0D5F4284199C2003F9C96 /* AllProductsViewController.swift */,
				59F0D5F228419934003F9C96 /* AllProductsCollectionViewCell.swift */,
			);
			path = AllProducts;
			sourceTree = "<group>";
		};
		59F0D5F1284198E6003F9C96 /* ProductDetails */ = {
			isa = PBXGroup;
			children = (
				59F0D5F628419A20003F9C96 /* ProductDetailsViewController.swift */,
				59F0D5F828419A3F003F9C96 /* ProductPhotosCollectionViewCell.swift */,
			);
			path = ProductDetails;
			sourceTree = "<group>";
		};
		59F20644283E6A9D00E12D88 /* SplashScreen */ = {
			isa = PBXGroup;
			children = (
				59F20648283E6ADE00E12D88 /* OnBoarding */,
				59F20647283E6ACF00E12D88 /* SplashScreen */,
				59F20645283E6ACA00E12D88 /* SplashScreen.storyboard */,
			);
			path = SplashScreen;
			sourceTree = "<group>";
		};
		59F20647283E6ACF00E12D88 /* SplashScreen */ = {
			isa = PBXGroup;
			children = (
				59F2064D283E6CD000E12D88 /* SplashScreenViewController.swift */,
			);
			path = SplashScreen;
			sourceTree = "<group>";
		};
		59F20648283E6ADE00E12D88 /* OnBoarding */ = {
			isa = PBXGroup;
			children = (
				59F2065A283E7C1800E12D88 /* Xibs */,
				59F20653283E6EF300E12D88 /* OnBoardingView */,
				59F20654283E6F0600E12D88 /* GetStartedView */,
			);
			path = OnBoarding;
			sourceTree = "<group>";
		};
		59F20649283E6C2500E12D88 /* HomeScreen */ = {
			isa = PBXGroup;
			children = (
				596F4FC6283FBAAA008CA0E9 /* Xibs */,
				596F4FC3283FB84A008CA0E9 /* HomeScreenView */,
				59F2064A283E6C3C00E12D88 /* HomeScreen.storyboard */,
			);
			path = HomeScreen;
			sourceTree = "<group>";
		};
		59F20653283E6EF300E12D88 /* OnBoardingView */ = {
			isa = PBXGroup;
			children = (
				59F2064F283E6EA700E12D88 /* OnBoardingViewController.swift */,
			);
			path = OnBoardingView;
			sourceTree = "<group>";
		};
		59F20654283E6F0600E12D88 /* GetStartedView */ = {
			isa = PBXGroup;
			children = (
				59F20651283E6EEA00E12D88 /* GetStartedViewController.swift */,
			);
			path = GetStartedView;
			sourceTree = "<group>";
		};
		59F20655283E735D00E12D88 /* Extentions */ = {
			isa = PBXGroup;
			children = (
				59F20656283E73BB00E12D88 /* UIView+Extention.swift */,
				596F4FC1283FA43B008CA0E9 /* UITextField+Extention.swift */,
				044C2D552844DC8F00A4943F /* CheckboxButton.swift */,
				04530BA728480EE50064149C /* String+Extension.swift */,
				043702ED284ACC730071C9C1 /* UILabel+Extension.swift */,
			);
			path = Extentions;
			sourceTree = "<group>";
		};
		59F2065A283E7C1800E12D88 /* Xibs */ = {
			isa = PBXGroup;
			children = (
				59F2065D283E7C6600E12D88 /* OnBoardingCollectionViewCell.swift */,
				59F2065E283E7C6600E12D88 /* OnBoardingCollectionViewCell.xib */,
			);
			path = Xibs;
			sourceTree = "<group>";
		};
		B656DFC1283EF0CA0043FCF7 /* Cart */ = {
			isa = PBXGroup;
			children = (
				04716B0C2845260200472C58 /* ConfirmOrder */,
				04716B072845259F00472C58 /* AdressesScreen */,
				04716B042845252C00472C58 /* AddAddress */,
				B656DFCD283EF1D70043FCF7 /* CardScreen */,
				B6CD9731284149A5001E7FF5 /* Payment */,
				B656DFCB283EF1C20043FCF7 /* Card.storyboard */,
			);
			path = Cart;
			sourceTree = "<group>";
		};
		B656DFCD283EF1D70043FCF7 /* CardScreen */ = {
			isa = PBXGroup;
			children = (
				B656DFC5283EF1290043FCF7 /* CardViewController.swift */,
				B656DFC7283EF1600043FCF7 /* CardTableViewCell.swift */,
			);
			path = CardScreen;
			sourceTree = "<group>";
		};
		B656DFCE283EF38B0043FCF7 /* Animation */ = {
			isa = PBXGroup;
			children = (
				59BE6E62284BCF31002FAAFC /* splash.json */,
				B656DFCF283EF3C50043FCF7 /* confirm_order_anim.json */,
			);
			path = Animation;
			sourceTree = "<group>";
		};
		B69EF910284A276C00A7D7EC /* CartScreenViewModel */ = {
			isa = PBXGroup;
			children = (
				B69EF911284A278B00A7D7EC /* CartScreenViewModel.swift */,
			);
			path = CartScreenViewModel;
			sourceTree = "<group>";
		};
		B69EF916284AD8D900A7D7EC /* PaymentViewModel */ = {
			isa = PBXGroup;
			children = (
				B69EF917284AD8F200A7D7EC /* PaymentViewModel.swift */,
			);
			path = PaymentViewModel;
			sourceTree = "<group>";
		};
		B6C78E542848CC8E002810FD /* Cart */ = {
			isa = PBXGroup;
			children = (
				B69EF916284AD8D900A7D7EC /* PaymentViewModel */,
				B69EF910284A276C00A7D7EC /* CartScreenViewModel */,
				B6C78E5A28495AB2002810FD /* ChooseAddressViewModel */,
				B6C78E552848CCA1002810FD /* AddAddressViewModel */,
			);
			path = Cart;
			sourceTree = "<group>";
		};
		B6C78E552848CCA1002810FD /* AddAddressViewModel */ = {
			isa = PBXGroup;
			children = (
				B6C78E562848CCCD002810FD /* AddAddressViewModel.swift */,
			);
			path = AddAddressViewModel;
			sourceTree = "<group>";
		};
		B6C78E5A28495AB2002810FD /* ChooseAddressViewModel */ = {
			isa = PBXGroup;
			children = (
				B6C78E5B28495AD6002810FD /* ChooseAddressViewModel.swift */,
			);
			path = ChooseAddressViewModel;
			sourceTree = "<group>";
		};
		B6CD9731284149A5001E7FF5 /* Payment */ = {
			isa = PBXGroup;
			children = (
				B6CD9732284149C3001E7FF5 /* PaymentViewController.swift */,
			);
			path = Payment;
			sourceTree = "<group>";
		};
/* End PBXGroup section */

/* Begin PBXNativeTarget section */
		048B3F3D283CD23A00CEF8D0 /* InStore */ = {
			isa = PBXNativeTarget;
			buildConfigurationList = 048B3F60283CD23C00CEF8D0 /* Build configuration list for PBXNativeTarget "InStore" */;
			buildPhases = (
				EAC61C6CC1B29BDA103E98B5 /* [CP] Check Pods Manifest.lock */,
				048B3F3A283CD23A00CEF8D0 /* Sources */,
				048B3F3B283CD23A00CEF8D0 /* Frameworks */,
				048B3F3C283CD23A00CEF8D0 /* Resources */,
				50F6F35B7EBE40B61D38A4CD /* [CP] Embed Pods Frameworks */,
			);
			buildRules = (
			);
			dependencies = (
			);
			name = InStore;
			productName = InStore;
			productReference = 048B3F3E283CD23A00CEF8D0 /* InStore.app */;
			productType = "com.apple.product-type.application";
		};
		048B3F56283CD23C00CEF8D0 /* InStoreTests */ = {
			isa = PBXNativeTarget;
			buildConfigurationList = 048B3F63283CD23C00CEF8D0 /* Build configuration list for PBXNativeTarget "InStoreTests" */;
			buildPhases = (
				2D0E7BF94748C9DE812CF28E /* [CP] Check Pods Manifest.lock */,
				048B3F53283CD23C00CEF8D0 /* Sources */,
				048B3F54283CD23C00CEF8D0 /* Frameworks */,
				048B3F55283CD23C00CEF8D0 /* Resources */,
			);
			buildRules = (
			);
			dependencies = (
				048B3F59283CD23C00CEF8D0 /* PBXTargetDependency */,
			);
			name = InStoreTests;
			productName = InStoreTests;
			productReference = 048B3F57283CD23C00CEF8D0 /* InStoreTests.xctest */;
			productType = "com.apple.product-type.bundle.unit-test";
		};
/* End PBXNativeTarget section */

/* Begin PBXProject section */
		048B3F36283CD23A00CEF8D0 /* Project object */ = {
			isa = PBXProject;
			attributes = {
				LastSwiftUpdateCheck = 1130;
				LastUpgradeCheck = 1130;
				ORGANIZATIONNAME = mac;
				TargetAttributes = {
					048B3F3D283CD23A00CEF8D0 = {
						CreatedOnToolsVersion = 11.3.1;
					};
					048B3F56283CD23C00CEF8D0 = {
						CreatedOnToolsVersion = 11.3.1;
						TestTargetID = 048B3F3D283CD23A00CEF8D0;
					};
				};
			};
			buildConfigurationList = 048B3F39283CD23A00CEF8D0 /* Build configuration list for PBXProject "InStore" */;
			compatibilityVersion = "Xcode 9.3";
			developmentRegion = en;
			hasScannedForEncodings = 0;
			knownRegions = (
				en,
				Base,
			);
			mainGroup = 048B3F35283CD23A00CEF8D0;
			productRefGroup = 048B3F3F283CD23A00CEF8D0 /* Products */;
			projectDirPath = "";
			projectRoot = "";
			targets = (
				048B3F3D283CD23A00CEF8D0 /* InStore */,
				048B3F56283CD23C00CEF8D0 /* InStoreTests */,
			);
		};
/* End PBXProject section */

/* Begin PBXResourcesBuildPhase section */
		048B3F3C283CD23A00CEF8D0 /* Resources */ = {
			isa = PBXResourcesBuildPhase;
			buildActionMask = 2147483647;
			files = (
				596F4FCA283FBAD2008CA0E9 /* BrandsCollectionViewCell.xib in Resources */,
				B656DFCC283EF1C20043FCF7 /* Card.storyboard in Resources */,
				04716B21284529C500472C58 /* SuggestedCollectionViewCell.xib in Resources */,
				04716B11284528CA00472C58 /* Wishlist.storyboard in Resources */,
				B656DFD0283EF3C60043FCF7 /* confirm_order_anim.json in Resources */,
				59F0D5FB28419A56003F9C96 /* Products.storyboard in Resources */,
				048B3F51283CD23C00CEF8D0 /* LaunchScreen.storyboard in Resources */,
				04716B1B2845295E00472C58 /* WishlistTableViewCell.xib in Resources */,
				042EE8A12844A062004ECD9A /* FilterCell.xib in Resources */,
				59F20660283E7C6600E12D88 /* OnBoardingCollectionViewCell.xib in Resources */,
				048B3F4E283CD23C00CEF8D0 /* Assets.xcassets in Resources */,
				596F500B2840E04D008CA0E9 /* MyOrderTableViewCell.xib in Resources */,
				596F4FEF2840DDE0008CA0E9 /* MyAccountScreen.storyboard in Resources */,
				048B3F49283CD23A00CEF8D0 /* Main.storyboard in Resources */,
				59BE6E63284BCF31002FAAFC /* splash.json in Resources */,
				59F2064B283E6C3C00E12D88 /* HomeScreen.storyboard in Resources */,
				596F500F2840E064008CA0E9 /* MyAddressTableViewCell.xib in Resources */,
				59F20646283E6ACA00E12D88 /* SplashScreen.storyboard in Resources */,
				044E7F20283DE7E80078CA50 /* UserAuthentication.storyboard in Resources */,
				596F4FF82840DEFE008CA0E9 /* OrderDetailsTableViewCell.xib in Resources */,
			);
			runOnlyForDeploymentPostprocessing = 0;
		};
		048B3F55283CD23C00CEF8D0 /* Resources */ = {
			isa = PBXResourcesBuildPhase;
			buildActionMask = 2147483647;
			files = (
			);
			runOnlyForDeploymentPostprocessing = 0;
		};
/* End PBXResourcesBuildPhase section */

/* Begin PBXShellScriptBuildPhase section */
		2D0E7BF94748C9DE812CF28E /* [CP] Check Pods Manifest.lock */ = {
			isa = PBXShellScriptBuildPhase;
			buildActionMask = 2147483647;
			files = (
			);
			inputFileListPaths = (
			);
			inputPaths = (
				"${PODS_PODFILE_DIR_PATH}/Podfile.lock",
				"${PODS_ROOT}/Manifest.lock",
			);
			name = "[CP] Check Pods Manifest.lock";
			outputFileListPaths = (
			);
			outputPaths = (
				"$(DERIVED_FILE_DIR)/Pods-InStoreTests-checkManifestLockResult.txt",
			);
			runOnlyForDeploymentPostprocessing = 0;
			shellPath = /bin/sh;
			shellScript = "diff \"${PODS_PODFILE_DIR_PATH}/Podfile.lock\" \"${PODS_ROOT}/Manifest.lock\" > /dev/null\nif [ $? != 0 ] ; then\n    # print error to STDERR\n    echo \"error: The sandbox is not in sync with the Podfile.lock. Run 'pod install' or update your CocoaPods installation.\" >&2\n    exit 1\nfi\n# This output is used by Xcode 'outputs' to avoid re-running this script phase.\necho \"SUCCESS\" > \"${SCRIPT_OUTPUT_FILE_0}\"\n";
			showEnvVarsInLog = 0;
		};
		50F6F35B7EBE40B61D38A4CD /* [CP] Embed Pods Frameworks */ = {
			isa = PBXShellScriptBuildPhase;
			buildActionMask = 2147483647;
			files = (
			);
			inputFileListPaths = (
				"${PODS_ROOT}/Target Support Files/Pods-InStore/Pods-InStore-frameworks-${CONFIGURATION}-input-files.xcfilelist",
			);
			name = "[CP] Embed Pods Frameworks";
			outputFileListPaths = (
				"${PODS_ROOT}/Target Support Files/Pods-InStore/Pods-InStore-frameworks-${CONFIGURATION}-output-files.xcfilelist",
			);
			runOnlyForDeploymentPostprocessing = 0;
			shellPath = /bin/sh;
			shellScript = "\"${PODS_ROOT}/Target Support Files/Pods-InStore/Pods-InStore-frameworks.sh\"\n";
			showEnvVarsInLog = 0;
		};
		EAC61C6CC1B29BDA103E98B5 /* [CP] Check Pods Manifest.lock */ = {
			isa = PBXShellScriptBuildPhase;
			buildActionMask = 2147483647;
			files = (
			);
			inputFileListPaths = (
			);
			inputPaths = (
				"${PODS_PODFILE_DIR_PATH}/Podfile.lock",
				"${PODS_ROOT}/Manifest.lock",
			);
			name = "[CP] Check Pods Manifest.lock";
			outputFileListPaths = (
			);
			outputPaths = (
				"$(DERIVED_FILE_DIR)/Pods-InStore-checkManifestLockResult.txt",
			);
			runOnlyForDeploymentPostprocessing = 0;
			shellPath = /bin/sh;
			shellScript = "diff \"${PODS_PODFILE_DIR_PATH}/Podfile.lock\" \"${PODS_ROOT}/Manifest.lock\" > /dev/null\nif [ $? != 0 ] ; then\n    # print error to STDERR\n    echo \"error: The sandbox is not in sync with the Podfile.lock. Run 'pod install' or update your CocoaPods installation.\" >&2\n    exit 1\nfi\n# This output is used by Xcode 'outputs' to avoid re-running this script phase.\necho \"SUCCESS\" > \"${SCRIPT_OUTPUT_FILE_0}\"\n";
			showEnvVarsInLog = 0;
		};
/* End PBXShellScriptBuildPhase section */

/* Begin PBXSourcesBuildPhase section */
		048B3F3A283CD23A00CEF8D0 /* Sources */ = {
			isa = PBXSourcesBuildPhase;
			buildActionMask = 2147483647;
			files = (
				04716B1A2845295E00472C58 /* WishlistTableViewCell.swift in Sources */,
				04716B0B284525D500472C58 /* AddressesTableViewCell.swift in Sources */,
				048B3F4C283CD23A00CEF8D0 /* InStore.xcdatamodeld in Sources */,
				596F4FFD2840DFAD008CA0E9 /* MyAccountViewController.swift in Sources */,
				04530BA62847C2B20064149C /* RepositoryProtocol.swift in Sources */,
				B69EF912284A278B00A7D7EC /* CartScreenViewModel.swift in Sources */,
				592229F4284901B60057CCCB /* MyAddressesViewModel.swift in Sources */,
				592229F12848D1A50057CCCB /* State.swift in Sources */,
				04716B14284528EB00472C58 /* WishlistViewController.swift in Sources */,
				59BE6E55284A8E09002FAAFC /* HomeScreenViewModel.swift in Sources */,
				048B3F46283CD23A00CEF8D0 /* LoginViewController.swift in Sources */,
				048B3F42283CD23A00CEF8D0 /* AppDelegate.swift in Sources */,
				59F2065F283E7C6600E12D88 /* OnBoardingCollectionViewCell.swift in Sources */,
				04889DBC284A993D00992A74 /* AllProductsViewModel.swift in Sources */,
				592229EF2848B0330057CCCB /* MyAccountViewModel.swift in Sources */,
				59BE6E5E284B6EBB002FAAFC /* UserDefaults.swift in Sources */,
				04716B2328452E0600472C58 /* RegisterViewController.swift in Sources */,
				04530BA22847C2370064149C /* LocalDataSource.swift in Sources */,
				04716B0E2845261900472C58 /* ConfirmOrderViewController.swift in Sources */,
				59BE6E5B284AA72F002FAAFC /* HomeResponse.swift in Sources */,
				04530B972847BD070064149C /* APIError.swift in Sources */,
				B6C78E5928491DEE002810FD /* ErrorModel.swift in Sources */,
				04530B992847BD200064149C /* EndPoint.swift in Sources */,
				596F50032840DFEC008CA0E9 /* OrderDetailsViewController.swift in Sources */,
				04530BA02847BF590064149C /* Repository.swift in Sources */,
				59F0D5F728419A20003F9C96 /* ProductDetailsViewController.swift in Sources */,
				0476F03A284ADB45006EEDE2 /* ProductDetailsViewModel.swift in Sources */,
				59BE6E59284A9BF5002FAAFC /* Categories.swift in Sources */,
				04530B912847BC600064149C /* Brand.swift in Sources */,
				596F4FF72840DEFE008CA0E9 /* OrderDetailsTableViewCell.swift in Sources */,
				040B39A0284A1CDD000EA9FE /* LoginViewModel.swift in Sources */,
				048C1E012842F91100E4F512 /* Constants.swift in Sources */,
				59F0D5F928419A3F003F9C96 /* ProductPhotosCollectionViewCell.swift in Sources */,
				B656DFC6283EF1290043FCF7 /* CardViewController.swift in Sources */,
				04530BA828480EE50064149C /* String+Extension.swift in Sources */,
				596F50012840DFD4008CA0E9 /* MyAddressesViewController.swift in Sources */,
				596F500A2840E04D008CA0E9 /* MyOrderTableViewCell.swift in Sources */,
				B69EF918284AD8F200A7D7EC /* PaymentViewModel.swift in Sources */,
				04716B20284529C500472C58 /* SuggestedCollectionViewCell.swift in Sources */,
				59F20657283E73BB00E12D88 /* UIView+Extention.swift in Sources */,
				B6CD9733284149C3001E7FF5 /* PaymentViewController.swift in Sources */,
				042EE8A02844A062004ECD9A /* FilterCell.swift in Sources */,
				59BE6E61284B8CC3002FAAFC /* SplashScreenViewModel.swift in Sources */,
				59F20650283E6EA700E12D88 /* OnBoardingViewController.swift in Sources */,
				04530B8C2847BC040064149C /* Customer.swift in Sources */,
				B6C78E572848CCCD002810FD /* AddAddressViewModel.swift in Sources */,
				59F2064E283E6CD000E12D88 /* SplashScreenViewController.swift in Sources */,
				04530BA42847C2730064149C /* LocalDataSourceProtocol.swift in Sources */,
				0476F03C284ADB50006EEDE2 /* ProductDetailsViewModelProtocol.swift in Sources */,
				04A7FD6B2842DFA2008467E2 /* FilterViewController.swift in Sources */,
				04530B932847BC920064149C /* MockOrder.swift in Sources */,
				04A7FD6E2842E32C008467E2 /* CustomVisualEffectView.swift in Sources */,
				04530B8E2847BC380064149C /* OnboardingSlide.swift in Sources */,
				040B39A3284A1CFD000EA9FE /* LoginViewModelProtocol.swift in Sources */,
				596F4FC2283FA43B008CA0E9 /* UITextField+Extention.swift in Sources */,
				59F20652283E6EEA00E12D88 /* GetStartedViewController.swift in Sources */,
				B69EF91A284ADEA200A7D7EC /* Order.swift in Sources */,
				04530B9B2847BD3F0064149C /* APIClient.swift in Sources */,
				596F4FC9283FBAD2008CA0E9 /* BrandsCollectionViewCell.swift in Sources */,
				59F0D5F5284199C2003F9C96 /* AllProductsViewController.swift in Sources */,
				04071ED62848B13900942AE2 /* RegisterViewModel.swift in Sources */,
				59F0D5F328419934003F9C96 /* AllProductsCollectionViewCell.swift in Sources */,
				044C2D562844DC8F00A4943F /* CheckboxButton.swift in Sources */,
				04889DBE284A994900992A74 /* AllProductsViewModelProtocol.swift in Sources */,
				B6C78E5C28495AD6002810FD /* ChooseAddressViewModel.swift in Sources */,
				B656DFC8283EF1600043FCF7 /* CardTableViewCell.swift in Sources */,
				04716B062845257D00472C58 /* AddAddressViewController.swift in Sources */,
				B6C78E532848A056002810FD /* Product.swift in Sources */,
				596F4FFF2840DFC2008CA0E9 /* MyOrdersViewController.swift in Sources */,
				043702EE284ACC730071C9C1 /* UILabel+Extension.swift in Sources */,
				04071ED82848B16100942AE2 /* RegisterViewModelProtocol.swift in Sources */,
				048B3F44283CD23A00CEF8D0 /* SceneDelegate.swift in Sources */,
				04530B952847BCEC0064149C /* APIConstants.swift in Sources */,
				B6943D5E284B74F8008315DA /* DiscountCodes.swift in Sources */,
				04716B09284525B800472C58 /* AddressesViewController.swift in Sources */,
				596F500E2840E064008CA0E9 /* MyAddressTableViewCell.swift in Sources */,
				596F4FC5283FB872008CA0E9 /* HomeScreenViewController.swift in Sources */,
			);
			runOnlyForDeploymentPostprocessing = 0;
		};
		048B3F53283CD23C00CEF8D0 /* Sources */ = {
			isa = PBXSourcesBuildPhase;
			buildActionMask = 2147483647;
			files = (
				048B3F5C283CD23C00CEF8D0 /* InStoreTests.swift in Sources */,
			);
			runOnlyForDeploymentPostprocessing = 0;
		};
/* End PBXSourcesBuildPhase section */

/* Begin PBXTargetDependency section */
		048B3F59283CD23C00CEF8D0 /* PBXTargetDependency */ = {
			isa = PBXTargetDependency;
			target = 048B3F3D283CD23A00CEF8D0 /* InStore */;
			targetProxy = 048B3F58283CD23C00CEF8D0 /* PBXContainerItemProxy */;
		};
/* End PBXTargetDependency section */

/* Begin PBXVariantGroup section */
		048B3F47283CD23A00CEF8D0 /* Main.storyboard */ = {
			isa = PBXVariantGroup;
			children = (
				048B3F48283CD23A00CEF8D0 /* Base */,
			);
			name = Main.storyboard;
			sourceTree = "<group>";
		};
		048B3F4F283CD23C00CEF8D0 /* LaunchScreen.storyboard */ = {
			isa = PBXVariantGroup;
			children = (
				048B3F50283CD23C00CEF8D0 /* Base */,
			);
			name = LaunchScreen.storyboard;
			sourceTree = "<group>";
		};
/* End PBXVariantGroup section */

/* Begin XCBuildConfiguration section */
		048B3F5E283CD23C00CEF8D0 /* Debug */ = {
			isa = XCBuildConfiguration;
			buildSettings = {
				ALWAYS_SEARCH_USER_PATHS = NO;
				CLANG_ANALYZER_NONNULL = YES;
				CLANG_ANALYZER_NUMBER_OBJECT_CONVERSION = YES_AGGRESSIVE;
				CLANG_CXX_LANGUAGE_STANDARD = "gnu++14";
				CLANG_CXX_LIBRARY = "libc++";
				CLANG_ENABLE_MODULES = YES;
				CLANG_ENABLE_OBJC_ARC = YES;
				CLANG_ENABLE_OBJC_WEAK = YES;
				CLANG_WARN_BLOCK_CAPTURE_AUTORELEASING = YES;
				CLANG_WARN_BOOL_CONVERSION = YES;
				CLANG_WARN_COMMA = YES;
				CLANG_WARN_CONSTANT_CONVERSION = YES;
				CLANG_WARN_DEPRECATED_OBJC_IMPLEMENTATIONS = YES;
				CLANG_WARN_DIRECT_OBJC_ISA_USAGE = YES_ERROR;
				CLANG_WARN_DOCUMENTATION_COMMENTS = YES;
				CLANG_WARN_EMPTY_BODY = YES;
				CLANG_WARN_ENUM_CONVERSION = YES;
				CLANG_WARN_INFINITE_RECURSION = YES;
				CLANG_WARN_INT_CONVERSION = YES;
				CLANG_WARN_NON_LITERAL_NULL_CONVERSION = YES;
				CLANG_WARN_OBJC_IMPLICIT_RETAIN_SELF = YES;
				CLANG_WARN_OBJC_LITERAL_CONVERSION = YES;
				CLANG_WARN_OBJC_ROOT_CLASS = YES_ERROR;
				CLANG_WARN_RANGE_LOOP_ANALYSIS = YES;
				CLANG_WARN_STRICT_PROTOTYPES = YES;
				CLANG_WARN_SUSPICIOUS_MOVE = YES;
				CLANG_WARN_UNGUARDED_AVAILABILITY = YES_AGGRESSIVE;
				CLANG_WARN_UNREACHABLE_CODE = YES;
				CLANG_WARN__DUPLICATE_METHOD_MATCH = YES;
				COPY_PHASE_STRIP = NO;
				DEBUG_INFORMATION_FORMAT = dwarf;
				ENABLE_STRICT_OBJC_MSGSEND = YES;
				ENABLE_TESTABILITY = YES;
				GCC_C_LANGUAGE_STANDARD = gnu11;
				GCC_DYNAMIC_NO_PIC = NO;
				GCC_NO_COMMON_BLOCKS = YES;
				GCC_OPTIMIZATION_LEVEL = 0;
				GCC_PREPROCESSOR_DEFINITIONS = (
					"DEBUG=1",
					"$(inherited)",
				);
				GCC_WARN_64_TO_32_BIT_CONVERSION = YES;
				GCC_WARN_ABOUT_RETURN_TYPE = YES_ERROR;
				GCC_WARN_UNDECLARED_SELECTOR = YES;
				GCC_WARN_UNINITIALIZED_AUTOS = YES_AGGRESSIVE;
				GCC_WARN_UNUSED_FUNCTION = YES;
				GCC_WARN_UNUSED_VARIABLE = YES;
				IPHONEOS_DEPLOYMENT_TARGET = 13.2;
				MTL_ENABLE_DEBUG_INFO = INCLUDE_SOURCE;
				MTL_FAST_MATH = YES;
				ONLY_ACTIVE_ARCH = YES;
				SDKROOT = iphoneos;
				SWIFT_ACTIVE_COMPILATION_CONDITIONS = DEBUG;
				SWIFT_OPTIMIZATION_LEVEL = "-Onone";
			};
			name = Debug;
		};
		048B3F5F283CD23C00CEF8D0 /* Release */ = {
			isa = XCBuildConfiguration;
			buildSettings = {
				ALWAYS_SEARCH_USER_PATHS = NO;
				CLANG_ANALYZER_NONNULL = YES;
				CLANG_ANALYZER_NUMBER_OBJECT_CONVERSION = YES_AGGRESSIVE;
				CLANG_CXX_LANGUAGE_STANDARD = "gnu++14";
				CLANG_CXX_LIBRARY = "libc++";
				CLANG_ENABLE_MODULES = YES;
				CLANG_ENABLE_OBJC_ARC = YES;
				CLANG_ENABLE_OBJC_WEAK = YES;
				CLANG_WARN_BLOCK_CAPTURE_AUTORELEASING = YES;
				CLANG_WARN_BOOL_CONVERSION = YES;
				CLANG_WARN_COMMA = YES;
				CLANG_WARN_CONSTANT_CONVERSION = YES;
				CLANG_WARN_DEPRECATED_OBJC_IMPLEMENTATIONS = YES;
				CLANG_WARN_DIRECT_OBJC_ISA_USAGE = YES_ERROR;
				CLANG_WARN_DOCUMENTATION_COMMENTS = YES;
				CLANG_WARN_EMPTY_BODY = YES;
				CLANG_WARN_ENUM_CONVERSION = YES;
				CLANG_WARN_INFINITE_RECURSION = YES;
				CLANG_WARN_INT_CONVERSION = YES;
				CLANG_WARN_NON_LITERAL_NULL_CONVERSION = YES;
				CLANG_WARN_OBJC_IMPLICIT_RETAIN_SELF = YES;
				CLANG_WARN_OBJC_LITERAL_CONVERSION = YES;
				CLANG_WARN_OBJC_ROOT_CLASS = YES_ERROR;
				CLANG_WARN_RANGE_LOOP_ANALYSIS = YES;
				CLANG_WARN_STRICT_PROTOTYPES = YES;
				CLANG_WARN_SUSPICIOUS_MOVE = YES;
				CLANG_WARN_UNGUARDED_AVAILABILITY = YES_AGGRESSIVE;
				CLANG_WARN_UNREACHABLE_CODE = YES;
				CLANG_WARN__DUPLICATE_METHOD_MATCH = YES;
				COPY_PHASE_STRIP = NO;
				DEBUG_INFORMATION_FORMAT = "dwarf-with-dsym";
				ENABLE_NS_ASSERTIONS = NO;
				ENABLE_STRICT_OBJC_MSGSEND = YES;
				GCC_C_LANGUAGE_STANDARD = gnu11;
				GCC_NO_COMMON_BLOCKS = YES;
				GCC_WARN_64_TO_32_BIT_CONVERSION = YES;
				GCC_WARN_ABOUT_RETURN_TYPE = YES_ERROR;
				GCC_WARN_UNDECLARED_SELECTOR = YES;
				GCC_WARN_UNINITIALIZED_AUTOS = YES_AGGRESSIVE;
				GCC_WARN_UNUSED_FUNCTION = YES;
				GCC_WARN_UNUSED_VARIABLE = YES;
				IPHONEOS_DEPLOYMENT_TARGET = 13.2;
				MTL_ENABLE_DEBUG_INFO = NO;
				MTL_FAST_MATH = YES;
				SDKROOT = iphoneos;
				SWIFT_COMPILATION_MODE = wholemodule;
				SWIFT_OPTIMIZATION_LEVEL = "-O";
				VALIDATE_PRODUCT = YES;
			};
			name = Release;
		};
		048B3F61283CD23C00CEF8D0 /* Debug */ = {
			isa = XCBuildConfiguration;
			baseConfigurationReference = 06BDC523D28EB8445EA58A1F /* Pods-InStore.debug.xcconfig */;
			buildSettings = {
				ASSETCATALOG_COMPILER_APPICON_NAME = AppIcon;
				CODE_SIGN_STYLE = Automatic;
				DEVELOPMENT_TEAM = A43YVNKL7X;
				INFOPLIST_FILE = InStore/Info.plist;
				LD_RUNPATH_SEARCH_PATHS = (
					"$(inherited)",
					"@executable_path/Frameworks",
				);
				PRODUCT_BUNDLE_IDENTIFIER = mac.com.InStore;
				PRODUCT_NAME = "$(TARGET_NAME)";
				SWIFT_VERSION = 5.0;
				TARGETED_DEVICE_FAMILY = "1,2";
			};
			name = Debug;
		};
		048B3F62283CD23C00CEF8D0 /* Release */ = {
			isa = XCBuildConfiguration;
			baseConfigurationReference = FB4234B27298C048DF342585 /* Pods-InStore.release.xcconfig */;
			buildSettings = {
				ASSETCATALOG_COMPILER_APPICON_NAME = AppIcon;
				CODE_SIGN_STYLE = Automatic;
				DEVELOPMENT_TEAM = A43YVNKL7X;
				INFOPLIST_FILE = InStore/Info.plist;
				LD_RUNPATH_SEARCH_PATHS = (
					"$(inherited)",
					"@executable_path/Frameworks",
				);
				PRODUCT_BUNDLE_IDENTIFIER = mac.com.InStore;
				PRODUCT_NAME = "$(TARGET_NAME)";
				SWIFT_VERSION = 5.0;
				TARGETED_DEVICE_FAMILY = "1,2";
			};
			name = Release;
		};
		048B3F64283CD23C00CEF8D0 /* Debug */ = {
			isa = XCBuildConfiguration;
			baseConfigurationReference = 695AE2BF82C757218FF03BA1 /* Pods-InStoreTests.debug.xcconfig */;
			buildSettings = {
				ALWAYS_EMBED_SWIFT_STANDARD_LIBRARIES = YES;
				BUNDLE_LOADER = "$(TEST_HOST)";
				CODE_SIGN_STYLE = Automatic;
				DEVELOPMENT_TEAM = A43YVNKL7X;
				INFOPLIST_FILE = InStoreTests/Info.plist;
				IPHONEOS_DEPLOYMENT_TARGET = 13.2;
				LD_RUNPATH_SEARCH_PATHS = (
					"$(inherited)",
					"@executable_path/Frameworks",
					"@loader_path/Frameworks",
				);
				PRODUCT_BUNDLE_IDENTIFIER = mac.com.InStoreTests;
				PRODUCT_NAME = "$(TARGET_NAME)";
				SWIFT_VERSION = 5.0;
				TARGETED_DEVICE_FAMILY = "1,2";
				TEST_HOST = "$(BUILT_PRODUCTS_DIR)/InStore.app/InStore";
			};
			name = Debug;
		};
		048B3F65283CD23C00CEF8D0 /* Release */ = {
			isa = XCBuildConfiguration;
			baseConfigurationReference = 1D5AE28203605372D3A4460C /* Pods-InStoreTests.release.xcconfig */;
			buildSettings = {
				ALWAYS_EMBED_SWIFT_STANDARD_LIBRARIES = YES;
				BUNDLE_LOADER = "$(TEST_HOST)";
				CODE_SIGN_STYLE = Automatic;
				DEVELOPMENT_TEAM = A43YVNKL7X;
				INFOPLIST_FILE = InStoreTests/Info.plist;
				IPHONEOS_DEPLOYMENT_TARGET = 13.2;
				LD_RUNPATH_SEARCH_PATHS = (
					"$(inherited)",
					"@executable_path/Frameworks",
					"@loader_path/Frameworks",
				);
				PRODUCT_BUNDLE_IDENTIFIER = mac.com.InStoreTests;
				PRODUCT_NAME = "$(TARGET_NAME)";
				SWIFT_VERSION = 5.0;
				TARGETED_DEVICE_FAMILY = "1,2";
				TEST_HOST = "$(BUILT_PRODUCTS_DIR)/InStore.app/InStore";
			};
			name = Release;
		};
/* End XCBuildConfiguration section */

/* Begin XCConfigurationList section */
		048B3F39283CD23A00CEF8D0 /* Build configuration list for PBXProject "InStore" */ = {
			isa = XCConfigurationList;
			buildConfigurations = (
				048B3F5E283CD23C00CEF8D0 /* Debug */,
				048B3F5F283CD23C00CEF8D0 /* Release */,
			);
			defaultConfigurationIsVisible = 0;
			defaultConfigurationName = Release;
		};
		048B3F60283CD23C00CEF8D0 /* Build configuration list for PBXNativeTarget "InStore" */ = {
			isa = XCConfigurationList;
			buildConfigurations = (
				048B3F61283CD23C00CEF8D0 /* Debug */,
				048B3F62283CD23C00CEF8D0 /* Release */,
			);
			defaultConfigurationIsVisible = 0;
			defaultConfigurationName = Release;
		};
		048B3F63283CD23C00CEF8D0 /* Build configuration list for PBXNativeTarget "InStoreTests" */ = {
			isa = XCConfigurationList;
			buildConfigurations = (
				048B3F64283CD23C00CEF8D0 /* Debug */,
				048B3F65283CD23C00CEF8D0 /* Release */,
			);
			defaultConfigurationIsVisible = 0;
			defaultConfigurationName = Release;
		};
/* End XCConfigurationList section */

/* Begin XCVersionGroup section */
		048B3F4A283CD23A00CEF8D0 /* InStore.xcdatamodeld */ = {
			isa = XCVersionGroup;
			children = (
				048B3F4B283CD23A00CEF8D0 /* InStore.xcdatamodel */,
			);
			currentVersion = 048B3F4B283CD23A00CEF8D0 /* InStore.xcdatamodel */;
			path = InStore.xcdatamodeld;
			sourceTree = "<group>";
			versionGroupType = wrapper.xcdatamodel;
		};
/* End XCVersionGroup section */
	};
	rootObject = 048B3F36283CD23A00CEF8D0 /* Project object */;
}
